// !$*UTF8*$!
{
	archiveVersion = 1;
	classes = {
	};
	objectVersion = 56;
	objects = {

/* Begin PBXBuildFile section */
		BA37A4E02FA22495005100AE /* NetworkChecker.swift in Sources */ = {isa = PBXBuildFile; fileRef = BA37A4DF2FA22495005100AE /* NetworkChecker.swift */; };
		BA526C712F90D47A00576EC9 /* AppDelegate.swift in Sources */ = {isa = PBXBuildFile; fileRef = BA526C702F90D47A00576EC9 /* AppDelegate.swift */; };
		BA526C732F90D47A00576EC9 /* SceneDelegate.swift in Sources */ = {isa = PBXBuildFile; fileRef = BA526C722F90D47A00576EC9 /* SceneDelegate.swift */; };
		BA526C752F90D47A00576EC9 /* ViewController.swift in Sources */ = {isa = PBXBuildFile; fileRef = BA526C742F90D47A00576EC9 /* ViewController.swift */; };
		BA526C782F90D47A00576EC9 /* Main.storyboard in Resources */ = {isa = PBXBuildFile; fileRef = BA526C762F90D47A00576EC9 /* Main.storyboard */; };
		BA526C7A2F90D47C00576EC9 /* Assets.xcassets in Resources */ = {isa = PBXBuildFile; fileRef = BA526C792F90D47C00576EC9 /* Assets.xcassets */; };
		BA526C7D2F90D47C00576EC9 /* LaunchScreen.storyboard in Resources */ = {isa = PBXBuildFile; fileRef = BA526C7B2F90D47C00576EC9 /* LaunchScreen.storyboard */; };
		BA526C882F90D47C00576EC9 /* lab2_2Tests.swift in Sources */ = {isa = PBXBuildFile; fileRef = BA526C872F90D47C00576EC9 /* lab2_2Tests.swift */; };
		BA526C922F90D47C00576EC9 /* lab2_2UITests.swift in Sources */ = {isa = PBXBuildFile; fileRef = BA526C912F90D47C00576EC9 /* lab2_2UITests.swift */; };
		BA526C942F90D47C00576EC9 /* lab2_2UITestsLaunchTests.swift in Sources */ = {isa = PBXBuildFile; fileRef = BA526C932F90D47C00576EC9 /* lab2_2UITestsLaunchTests.swift */; };
		BA526CA12F90D51E00576EC9 /* Movie.swift in Sources */ = {isa = PBXBuildFile; fileRef = BA526CA02F90D51E00576EC9 /* Movie.swift */; };
		BA526CA32F911ABD00576EC9 /* DetailsViewController.swift in Sources */ = {isa = PBXBuildFile; fileRef = BA526CA22F911ABD00576EC9 /* DetailsViewController.swift */; };
		BA5CCD322F9399E00036F5D1 /* AddMovieViewController.swift in Sources */ = {isa = PBXBuildFile; fileRef = BA5CCD312F9399E00036F5D1 /* AddMovieViewController.swift */; };
		BA5CCD342F93A1640036F5D1 /* AddMovieDelegate.swift in Sources */ = {isa = PBXBuildFile; fileRef = BA5CCD332F93A1640036F5D1 /* AddMovieDelegate.swift */; };
		BA8CB2A32F9A3F400057C5E8 /* MovieResponse.swift in Sources */ = {isa = PBXBuildFile; fileRef = BA8CB2A22F9A3F400057C5E8 /* MovieResponse.swift */; };
		BA8CB2A62F9A420B0057C5E8 /* SDWebImage in Frameworks */ = {isa = PBXBuildFile; productRef = BA8CB2A52F9A420B0057C5E8 /* SDWebImage */; };
		BA8CB2A82F9A420B0057C5E8 /* SDWebImageMapKit in Frameworks */ = {isa = PBXBuildFile; productRef = BA8CB2A72F9A420B0057C5E8 /* SDWebImageMapKit */; };
		BA8CB2EA2F9A48B80057C5E8 /* MovieCoreData.xcdatamodeld in Sources */ = {isa = PBXBuildFile; fileRef = BA8CB2E82F9A48B80057C5E8 /* MovieCoreData.xcdatamodeld */; };
		BA8CB2EC2F9A4A070057C5E8 /* CoreDataManager.swift in Sources */ = {isa = PBXBuildFile; fileRef = BA8CB2EB2F9A4A070057C5E8 /* CoreDataManager.swift */; };
		BA8D45792F97929D007EAE1B /* MyPageViewController.swift in Sources */ = {isa = PBXBuildFile; fileRef = BA8D45782F97929D007EAE1B /* MyPageViewController.swift */; };
		BA8D457B2F9792CD007EAE1B /* FirstViewController.swift in Sources */ = {isa = PBXBuildFile; fileRef = BA8D457A2F9792CD007EAE1B /* FirstViewController.swift */; };
		BA8D457D2F9792E2007EAE1B /* SecandViewController.swift in Sources */ = {isa = PBXBuildFile; fileRef = BA8D457C2F9792E2007EAE1B /* SecandViewController.swift */; };
		BA8D457F2F9792F2007EAE1B /* ThirdViewController.swift in Sources */ = {isa = PBXBuildFile; fileRef = BA8D457E2F9792F2007EAE1B /* ThirdViewController.swift */; };
		BA8DBF172F94F8B2001A5E01 /* MyTableViewCell.swift in Sources */ = {isa = PBXBuildFile; fileRef = BA8DBF162F94F8B2001A5E01 /* MyTableViewCell.swift */; };
		BAA2A5212F98E6DF0003E8D7 /* SqlManager.swift in Sources */ = {isa = PBXBuildFile; fileRef = BAA2A5202F98E6DF0003E8D7 /* SqlManager.swift */; };
		BAA2A5252F98EC090003E8D7 /* NetworkManager.swift in Sources */ = {isa = PBXBuildFile; fileRef = BAA2A5242F98EC090003E8D7 /* NetworkManager.swift */; };
		BABAA8612F9E251100E863CE /* UIImageExtention.swift in Sources */ = {isa = PBXBuildFile; fileRef = BABAA8602F9E251100E863CE /* UIImageExtention.swift */; };
/* End PBXBuildFile section */

/* Begin PBXContainerItemProxy section */
		BA526C842F90D47C00576EC9 /* PBXContainerItemProxy */ = {
			isa = PBXContainerItemProxy;
			containerPortal = BA526C652F90D47900576EC9 /* Project object */;
			proxyType = 1;
			remoteGlobalIDString = BA526C6C2F90D47A00576EC9;
			remoteInfo = lab2_2;
		};
		BA526C8E2F90D47C00576EC9 /* PBXContainerItemProxy */ = {
			isa = PBXContainerItemProxy;
			containerPortal = BA526C652F90D47900576EC9 /* Project object */;
			proxyType = 1;
			remoteGlobalIDString = BA526C6C2F90D47A00576EC9;
			remoteInfo = lab2_2;
		};
/* End PBXContainerItemProxy section */

/* Begin PBXFileReference section */
		BA37A4DC2FA21C06005100AE /* ar */ = {isa = PBXFileReference; lastKnownFileType = text.plist.strings; name = ar; path = ar.lproj/Main.strings; sourceTree = "<group>"; };
		BA37A4DE2FA21D70005100AE /* en */ = {isa = PBXFileReference; lastKnownFileType = text.plist.strings; name = en; path = en.lproj/Main.strings; sourceTree = "<group>"; };
		BA37A4DF2FA22495005100AE /* NetworkChecker.swift */ = {isa = PBXFileReference; lastKnownFileType = sourcecode.swift; path = NetworkChecker.swift; sourceTree = "<group>"; };
		BA526C6D2F90D47A00576EC9 /* lab2_2.app */ = {isa = PBXFileReference; explicitFileType = wrapper.application; includeInIndex = 0; path = lab2_2.app; sourceTree = BUILT_PRODUCTS_DIR; };
		BA526C702F90D47A00576EC9 /* AppDelegate.swift */ = {isa = PBXFileReference; lastKnownFileType = sourcecode.swift; path = AppDelegate.swift; sourceTree = "<group>"; };
		BA526C722F90D47A00576EC9 /* SceneDelegate.swift */ = {isa = PBXFileReference; lastKnownFileType = sourcecode.swift; path = SceneDelegate.swift; sourceTree = "<group>"; };
		BA526C742F90D47A00576EC9 /* ViewController.swift */ = {isa = PBXFileReference; lastKnownFileType = sourcecode.swift; path = ViewController.swift; sourceTree = "<group>"; };
		BA526C772F90D47A00576EC9 /* Base */ = {isa = PBXFileReference; lastKnownFileType = file.storyboard; name = Base; path = Base.lproj/Main.storyboard; sourceTree = "<group>"; };
		BA526C792F90D47C00576EC9 /* Assets.xcassets */ = {isa = PBXFileReference; lastKnownFileType = folder.assetcatalog; path = Assets.xcassets; sourceTree = "<group>"; };
		BA526C7C2F90D47C00576EC9 /* Base */ = {isa = PBXFileReference; lastKnownFileType = file.storyboard; name = Base; path = Base.lproj/LaunchScreen.storyboard; sourceTree = "<group>"; };
		BA526C7E2F90D47C00576EC9 /* Info.plist */ = {isa = PBXFileReference; lastKnownFileType = text.plist.xml; path = Info.plist; sourceTree = "<group>"; };
		BA526C832F90D47C00576EC9 /* lab2_2Tests.xctest */ = {isa = PBXFileReference; explicitFileType = wrapper.cfbundle; includeInIndex = 0; path = lab2_2Tests.xctest; sourceTree = BUILT_PRODUCTS_DIR; };
		BA526C872F90D47C00576EC9 /* lab2_2Tests.swift */ = {isa = PBXFileReference; lastKnownFileType = sourcecode.swift; path = lab2_2Tests.swift; sourceTree = "<group>"; };
		BA526C8D2F90D47C00576EC9 /* lab2_2UITests.xctest */ = {isa = PBXFileReference; explicitFileType = wrapper.cfbundle; includeInIndex = 0; path = lab2_2UITests.xctest; sourceTree = BUILT_PRODUCTS_DIR; };
		BA526C912F90D47C00576EC9 /* lab2_2UITests.swift */ = {isa = PBXFileReference; lastKnownFileType = sourcecode.swift; path = lab2_2UITests.swift; sourceTree = "<group>"; };
		BA526C932F90D47C00576EC9 /* lab2_2UITestsLaunchTests.swift */ = {isa = PBXFileReference; lastKnownFileType = sourcecode.swift; path = lab2_2UITestsLaunchTests.swift; sourceTree = "<group>"; };
		BA526CA02F90D51E00576EC9 /* Movie.swift */ = {isa = PBXFileReference; lastKnownFileType = sourcecode.swift; path = Movie.swift; sourceTree = "<group>"; };
		BA526CA22F911ABD00576EC9 /* DetailsViewController.swift */ = {isa = PBXFileReference; lastKnownFileType = sourcecode.swift; path = DetailsViewController.swift; sourceTree = "<group>"; };
		BA5CCD312F9399E00036F5D1 /* AddMovieViewController.swift */ = {isa = PBXFileReference; lastKnownFileType = sourcecode.swift; path = AddMovieViewController.swift; sourceTree = "<group>"; };
		BA5CCD332F93A1640036F5D1 /* AddMovieDelegate.swift */ = {isa = PBXFileReference; lastKnownFileType = sourcecode.swift; path = AddMovieDelegate.swift; sourceTree = "<group>"; };
		BA8CB2A22F9A3F400057C5E8 /* MovieResponse.swift */ = {isa = PBXFileReference; lastKnownFileType = sourcecode.swift; path = MovieResponse.swift; sourceTree = "<group>"; };
		BA8CB2E92F9A48B80057C5E8 /* MovieCoreData.xcdatamodel */ = {isa = PBXFileReference; lastKnownFileType = wrapper.xcdatamodel; path = MovieCoreData.xcdatamodel; sourceTree = "<group>"; };
		BA8CB2EB2F9A4A070057C5E8 /* CoreDataManager.swift */ = {isa = PBXFileReference; lastKnownFileType = sourcecode.swift; path = CoreDataManager.swift; sourceTree = "<group>"; };
		BA8D45782F97929D007EAE1B /* MyPageViewController.swift */ = {isa = PBXFileReference; lastKnownFileType = sourcecode.swift; path = MyPageViewController.swift; sourceTree = "<group>"; };
		BA8D457A2F9792CD007EAE1B /* FirstViewController.swift */ = {isa = PBXFileReference; lastKnownFileType = sourcecode.swift; path = FirstViewController.swift; sourceTree = "<group>"; };
		BA8D457C2F9792E2007EAE1B /* SecandViewController.swift */ = {isa = PBXFileReference; lastKnownFileType = sourcecode.swift; path = SecandViewController.swift; sourceTree = "<group>"; };
		BA8D457E2F9792F2007EAE1B /* ThirdViewController.swift */ = {isa = PBXFileReference; lastKnownFileType = sourcecode.swift; path = ThirdViewController.swift; sourceTree = "<group>"; };
		BA8DBF162F94F8B2001A5E01 /* MyTableViewCell.swift */ = {isa = PBXFileReference; lastKnownFileType = sourcecode.swift; path = MyTableViewCell.swift; sourceTree = "<group>"; };
		BAA2A5202F98E6DF0003E8D7 /* SqlManager.swift */ = {isa = PBXFileReference; lastKnownFileType = sourcecode.swift; path = SqlManager.swift; sourceTree = "<group>"; };
		BAA2A5242F98EC090003E8D7 /* NetworkManager.swift */ = {isa = PBXFileReference; lastKnownFileType = sourcecode.swift; path = NetworkManager.swift; sourceTree = "<group>"; };
		BABAA8602F9E251100E863CE /* UIImageExtention.swift */ = {isa = PBXFileReference; lastKnownFileType = sourcecode.swift; path = UIImageExtention.swift; sourceTree = "<group>"; };
/* End PBXFileReference section */

/* Begin PBXFrameworksBuildPhase section */
		BA526C6A2F90D47A00576EC9 /* Frameworks */ = {
			isa = PBXFrameworksBuildPhase;
			buildActionMask = 2147483647;
			files = (
				BA8CB2A82F9A420B0057C5E8 /* SDWebImageMapKit in Frameworks */,
				BA8CB2A62F9A420B0057C5E8 /* SDWebImage in Frameworks */,
			);
			runOnlyForDeploymentPostprocessing = 0;
		};
		BA526C802F90D47C00576EC9 /* Frameworks */ = {
			isa = PBXFrameworksBuildPhase;
			buildActionMask = 2147483647;
			files = (
			);
			runOnlyForDeploymentPostprocessing = 0;
		};
		BA526C8A2F90D47C00576EC9 /* Frameworks */ = {
			isa = PBXFrameworksBuildPhase;
			buildActionMask = 2147483647;
			files = (
			);
			runOnlyForDeploymentPostprocessing = 0;
		};
/* End PBXFrameworksBuildPhase section */

/* Begin PBXGroup section */
		BA526C642F90D47900576EC9 = {
			isa = PBXGroup;
			children = (
				BA526C6F2F90D47A00576EC9 /* lab2_2 */,
				BA526C862F90D47C00576EC9 /* lab2_2Tests */,
				BA526C902F90D47C00576EC9 /* lab2_2UITests */,
				BA526C6E2F90D47A00576EC9 /* Products */,
				BA84CD742F92610E009E4BFD /* Frameworks */,
			);
			sourceTree = "<group>";
		};
		BA526C6E2F90D47A00576EC9 /* Products */ = {
			isa = PBXGroup;
			children = (
				BA526C6D2F90D47A00576EC9 /* lab2_2.app */,
				BA526C832F90D47C00576EC9 /* lab2_2Tests.xctest */,
				BA526C8D2F90D47C00576EC9 /* lab2_2UITests.xctest */,
			);
			name = Products;
			sourceTree = "<group>";
		};
		BA526C6F2F90D47A00576EC9 /* lab2_2 */ = {
			isa = PBXGroup;
			children = (
				BABAA8602F9E251100E863CE /* UIImageExtention.swift */,
				BA8904372F97C20D00D3B59E /* manage */,
				BA8D45832F979353007EAE1B /* model */,
				BA8D45812F979322007EAE1B /* home */,
				BA8D45802F979304007EAE1B /* onboarding */,
				BA526C702F90D47A00576EC9 /* AppDelegate.swift */,
				BA526C722F90D47A00576EC9 /* SceneDelegate.swift */,
				BA526C762F90D47A00576EC9 /* Main.storyboard */,
				BA526C792F90D47C00576EC9 /* Assets.xcassets */,
				BA526C7B2F90D47C00576EC9 /* LaunchScreen.storyboard */,
				BA526C7E2F90D47C00576EC9 /* Info.plist */,
				BA8CB2E82F9A48B80057C5E8 /* MovieCoreData.xcdatamodeld */,
			);
			path = lab2_2;
			sourceTree = "<group>";
		};
		BA526C862F90D47C00576EC9 /* lab2_2Tests */ = {
			isa = PBXGroup;
			children = (
				BA526C872F90D47C00576EC9 /* lab2_2Tests.swift */,
			);
			path = lab2_2Tests;
			sourceTree = "<group>";
		};
		BA526C902F90D47C00576EC9 /* lab2_2UITests */ = {
			isa = PBXGroup;
			children = (
				BA526C912F90D47C00576EC9 /* lab2_2UITests.swift */,
				BA526C932F90D47C00576EC9 /* lab2_2UITestsLaunchTests.swift */,
			);
			path = lab2_2UITests;
			sourceTree = "<group>";
		};
		BA84CD742F92610E009E4BFD /* Frameworks */ = {
			isa = PBXGroup;
			children = (
			);
			name = Frameworks;
			sourceTree = "<group>";
		};
		BA8904372F97C20D00D3B59E /* manage */ = {
			isa = PBXGroup;
			children = (
				BAA2A5202F98E6DF0003E8D7 /* SqlManager.swift */,
				BAA2A5242F98EC090003E8D7 /* NetworkManager.swift */,
				BA8CB2EB2F9A4A070057C5E8 /* CoreDataManager.swift */,
				BA37A4DF2FA22495005100AE /* NetworkChecker.swift */,
			);
			path = manage;
			sourceTree = "<group>";
		};
		BA8D45802F979304007EAE1B /* onboarding */ = {
			isa = PBXGroup;
			children = (
				BA8D45782F97929D007EAE1B /* MyPageViewController.swift */,
				BA8D457E2F9792F2007EAE1B /* ThirdViewController.swift */,
				BA8D457C2F9792E2007EAE1B /* SecandViewController.swift */,
				BA8D457A2F9792CD007EAE1B /* FirstViewController.swift */,
			);
			path = onboarding;
			sourceTree = "<group>";
		};
		BA8D45812F979322007EAE1B /* home */ = {
			isa = PBXGroup;
			children = (
				BA526CA22F911ABD00576EC9 /* DetailsViewController.swift */,
				BA5CCD312F9399E00036F5D1 /* AddMovieViewController.swift */,
				BA5CCD332F93A1640036F5D1 /* AddMovieDelegate.swift */,
				BA526C742F90D47A00576EC9 /* ViewController.swift */,
				BA8DBF162F94F8B2001A5E01 /* MyTableViewCell.swift */,
			);
			path = home;
			sourceTree = "<group>";
		};
		BA8D45832F979353007EAE1B /* model */ = {
			isa = PBXGroup;
			children = (
				BA526CA02F90D51E00576EC9 /* Movie.swift */,
				BA8CB2A22F9A3F400057C5E8 /* MovieResponse.swift */,
			);
			path = model;
			sourceTree = "<group>";
		};
/* End PBXGroup section */

/* Begin PBXNativeTarget section */
		BA526C6C2F90D47A00576EC9 /* lab2_2 */ = {
			isa = PBXNativeTarget;
			buildConfigurationList = BA526C972F90D47C00576EC9 /* Build configuration list for PBXNativeTarget "lab2_2" */;
			buildPhases = (
				BA526C692F90D47A00576EC9 /* Sources */,
				BA526C6A2F90D47A00576EC9 /* Frameworks */,
				BA526C6B2F90D47A00576EC9 /* Resources */,
			);
			buildRules = (
			);
			dependencies = (
			);
			name = lab2_2;
			packageProductDependencies = (
				BA8CB2A52F9A420B0057C5E8 /* SDWebImage */,
				BA8CB2A72F9A420B0057C5E8 /* SDWebImageMapKit */,
			);
			productName = lab2_2;
			productReference = BA526C6D2F90D47A00576EC9 /* lab2_2.app */;
			productType = "com.apple.product-type.application";
		};
		BA526C822F90D47C00576EC9 /* lab2_2Tests */ = {
			isa = PBXNativeTarget;
			buildConfigurationList = BA526C9A2F90D47C00576EC9 /* Build configuration list for PBXNativeTarget "lab2_2Tests" */;
			buildPhases = (
				BA526C7F2F90D47C00576EC9 /* Sources */,
				BA526C802F90D47C00576EC9 /* Frameworks */,
				BA526C812F90D47C00576EC9 /* Resources */,
			);
			buildRules = (
			);
			dependencies = (
				BA526C852F90D47C00576EC9 /* PBXTargetDependency */,
			);
			name = lab2_2Tests;
			productName = lab2_2Tests;
			productReference = BA526C832F90D47C00576EC9 /* lab2_2Tests.xctest */;
			productType = "com.apple.product-type.bundle.unit-test";
		};
		BA526C8C2F90D47C00576EC9 /* lab2_2UITests */ = {
			isa = PBXNativeTarget;
			buildConfigurationList = BA526C9D2F90D47C00576EC9 /* Build configuration list for PBXNativeTarget "lab2_2UITests" */;
			buildPhases = (
				BA526C892F90D47C00576EC9 /* Sources */,
				BA526C8A2F90D47C00576EC9 /* Frameworks */,
				BA526C8B2F90D47C00576EC9 /* Resources */,
			);
			buildRules = (
			);
			dependencies = (
				BA526C8F2F90D47C00576EC9 /* PBXTargetDependency */,
			);
			name = lab2_2UITests;
			productName = lab2_2UITests;
			productReference = BA526C8D2F90D47C00576EC9 /* lab2_2UITests.xctest */;
			productType = "com.apple.product-type.bundle.ui-testing";
		};
/* End PBXNativeTarget section */

/* Begin PBXProject section */
		BA526C652F90D47900576EC9 /* Project object */ = {
			isa = PBXProject;
			attributes = {
				BuildIndependentTargetsInParallel = 1;
				LastSwiftUpdateCheck = 1430;
				LastUpgradeCheck = 1430;
				TargetAttributes = {
					BA526C6C2F90D47A00576EC9 = {
						CreatedOnToolsVersion = 14.3;
					};
					BA526C822F90D47C00576EC9 = {
						CreatedOnToolsVersion = 14.3;
						TestTargetID = BA526C6C2F90D47A00576EC9;
					};
					BA526C8C2F90D47C00576EC9 = {
						CreatedOnToolsVersion = 14.3;
						TestTargetID = BA526C6C2F90D47A00576EC9;
					};
				};
			};
			buildConfigurationList = BA526C682F90D47900576EC9 /* Build configuration list for PBXProject "lab2_2" */;
			compatibilityVersion = "Xcode 14.0";
			developmentRegion = en;
			hasScannedForEncodings = 0;
			knownRegions = (
				en,
				Base,
				ar,
			);
			mainGroup = BA526C642F90D47900576EC9;
			packageReferences = (
				BA8CB2A42F9A420B0057C5E8 /* XCRemoteSwiftPackageReference "SDWebImage" */,
			);
			productRefGroup = BA526C6E2F90D47A00576EC9 /* Products */;
			projectDirPath = "";
			projectRoot = "";
			targets = (
				BA526C6C2F90D47A00576EC9 /* lab2_2 */,
				BA526C822F90D47C00576EC9 /* lab2_2Tests */,
				BA526C8C2F90D47C00576EC9 /* lab2_2UITests */,
			);
		};
/* End PBXProject section */

/* Begin PBXResourcesBuildPhase section */
		BA526C6B2F90D47A00576EC9 /* Resources */ = {
			isa = PBXResourcesBuildPhase;
			buildActionMask = 2147483647;
			files = (
				BA526C7D2F90D47C00576EC9 /* LaunchScreen.storyboard in Resources */,
				BA526C7A2F90D47C00576EC9 /* Assets.xcassets in Resources */,
				BA526C782F90D47A00576EC9 /* Main.storyboard in Resources */,
			);
			runOnlyForDeploymentPostprocessing = 0;
		};
		BA526C812F90D47C00576EC9 /* Resources */ = {
			isa = PBXResourcesBuildPhase;
			buildActionMask = 2147483647;
			files = (
			);
			runOnlyForDeploymentPostprocessing = 0;
		};
		BA526C8B2F90D47C00576EC9 /* Resources */ = {
			isa = PBXResourcesBuildPhase;
			buildActionMask = 2147483647;
			files = (
			);
			runOnlyForDeploymentPostprocessing = 0;
		};
/* End PBXResourcesBuildPhase section */

/* Begin PBXSourcesBuildPhase section */
		BA526C692F90D47A00576EC9 /* Sources */ = {
			isa = PBXSourcesBuildPhase;
			buildActionMask = 2147483647;
			files = (
				BA526C752F90D47A00576EC9 /* ViewController.swift in Sources */,
				BA8D457D2F9792E2007EAE1B /* SecandViewController.swift in Sources */,
				BA37A4E02FA22495005100AE /* NetworkChecker.swift in Sources */,
				BA8D45792F97929D007EAE1B /* MyPageViewController.swift in Sources */,
				BA8DBF172F94F8B2001A5E01 /* MyTableViewCell.swift in Sources */,
				BA8CB2EC2F9A4A070057C5E8 /* CoreDataManager.swift in Sources */,
				BAA2A5252F98EC090003E8D7 /* NetworkManager.swift in Sources */,
				BA8CB2EA2F9A48B80057C5E8 /* MovieCoreData.xcdatamodeld in Sources */,
				BAA2A5212F98E6DF0003E8D7 /* SqlManager.swift in Sources */,
				BABAA8612F9E251100E863CE /* UIImageExtention.swift in Sources */,
				BA526C712F90D47A00576EC9 /* AppDelegate.swift in Sources */,
				BA526CA12F90D51E00576EC9 /* Movie.swift in Sources */,
				BA8D457B2F9792CD007EAE1B /* FirstViewController.swift in Sources */,
				BA526C732F90D47A00576EC9 /* SceneDelegate.swift in Sources */,
				BA5CCD342F93A1640036F5D1 /* AddMovieDelegate.swift in Sources */,
				BA526CA32F911ABD00576EC9 /* DetailsViewController.swift in Sources */,
				BA8CB2A32F9A3F400057C5E8 /* MovieResponse.swift in Sources */,
				BA8D457F2F9792F2007EAE1B /* ThirdViewController.swift in Sources */,
				BA5CCD322F9399E00036F5D1 /* AddMovieViewController.swift in Sources */,
			);
			runOnlyForDeploymentPostprocessing = 0;
		};
		BA526C7F2F90D47C00576EC9 /* Sources */ = {
			isa = PBXSourcesBuildPhase;
			buildActionMask = 2147483647;
			files = (
				BA526C882F90D47C00576EC9 /* lab2_2Tests.swift in Sources */,
			);
			runOnlyForDeploymentPostprocessing = 0;
		};
		BA526C892F90D47C00576EC9 /* Sources */ = {
			isa = PBXSourcesBuildPhase;
			buildActionMask = 2147483647;
			files = (
				BA526C942F90D47C00576EC9 /* lab2_2UITestsLaunchTests.swift in Sources */,
				BA526C922F90D47C00576EC9 /* lab2_2UITests.swift in Sources */,
			);
			runOnlyForDeploymentPostprocessing = 0;
		};
/* End PBXSourcesBuildPhase section */

/* Begin PBXTargetDependency section */
		BA526C852F90D47C00576EC9 /* PBXTargetDependency */ = {
			isa = PBXTargetDependency;
			target = BA526C6C2F90D47A00576EC9 /* lab2_2 */;
			targetProxy = BA526C842F90D47C00576EC9 /* PBXContainerItemProxy */;
		};
		BA526C8F2F90D47C00576EC9 /* PBXTargetDependency */ = {
			isa = PBXTargetDependency;
			target = BA526C6C2F90D47A00576EC9 /* lab2_2 */;
			targetProxy = BA526C8E2F90D47C00576EC9 /* PBXContainerItemProxy */;
		};
/* End PBXTargetDependency section */

/* Begin PBXVariantGroup section */
		BA526C762F90D47A00576EC9 /* Main.storyboard */ = {
			isa = PBXVariantGroup;
			children = (
				BA526C772F90D47A00576EC9 /* Base */,
				BA37A4DC2FA21C06005100AE /* ar */,
				BA37A4DE2FA21D70005100AE /* en */,
			);
			name = Main.storyboard;
			sourceTree = "<group>";
		};
		BA526C7B2F90D47C00576EC9 /* LaunchScreen.storyboard */ = {
			isa = PBXVariantGroup;
			children = (
				BA526C7C2F90D47C00576EC9 /* Base */,
			);
			name = LaunchScreen.storyboard;
			sourceTree = "<group>";
		};
/* End PBXVariantGroup section */

/* Begin XCBuildConfiguration section */
		BA526C952F90D47C00576EC9 /* Debug */ = {
			isa = XCBuildConfiguration;
			buildSettings = {
				ALWAYS_SEARCH_USER_PATHS = NO;
				CLANG_ANALYZER_LOCALIZABILITY_NONLOCALIZED = YES;
				CLANG_ANALYZER_NONNULL = YES;
				CLANG_ANALYZER_NUMBER_OBJECT_CONVERSION = YES_AGGRESSIVE;
				CLANG_CXX_LANGUAGE_STANDARD = "gnu++20";
				CLANG_ENABLE_MODULES = YES;
				CLANG_ENABLE_OBJC_ARC = YES;
				CLANG_ENABLE_OBJC_WEAK = YES;
				CLANG_WARN_BLOCK_CAPTURE_AUTORELEASING = YES;
				CLANG_WARN_BOOL_CONVERSION = YES;
				CLANG_WARN_COMMA = YES;
				CLANG_WARN_CONSTANT_CONVERSION = YES;
				CLANG_WARN_DEPRECATED_OBJC_IMPLEMENTATIONS = YES;
				CLANG_WARN_DIRECT_OBJC_ISA_USAGE = YES_ERROR;
				CLANG_WARN_DOCUMENTATION_COMMENTS = YES;
				CLANG_WARN_EMPTY_BODY = YES;
				CLANG_WARN_ENUM_CONVERSION = YES;
				CLANG_WARN_INFINITE_RECURSION = YES;
				CLANG_WARN_INT_CONVERSION = YES;
				CLANG_WARN_NON_LITERAL_NULL_CONVERSION = YES;
				CLANG_WARN_OBJC_IMPLICIT_RETAIN_SELF = YES;
				CLANG_WARN_OBJC_LITERAL_CONVERSION = YES;
				CLANG_WARN_OBJC_ROOT_CLASS = YES_ERROR;
				CLANG_WARN_QUOTED_INCLUDE_IN_FRAMEWORK_HEADER = YES;
				CLANG_WARN_RANGE_LOOP_ANALYSIS = YES;
				CLANG_WARN_STRICT_PROTOTYPES = YES;
				CLANG_WARN_SUSPICIOUS_MOVE = YES;
				CLANG_WARN_UNGUARDED_AVAILABILITY = YES_AGGRESSIVE;
				CLANG_WARN_UNREACHABLE_CODE = YES;
				CLANG_WARN__DUPLICATE_METHOD_MATCH = YES;
				COPY_PHASE_STRIP = NO;
				DEBUG_INFORMATION_FORMAT = dwarf;
				ENABLE_STRICT_OBJC_MSGSEND = YES;
				ENABLE_TESTABILITY = YES;
				GCC_C_LANGUAGE_STANDARD = gnu11;
				GCC_DYNAMIC_NO_PIC = NO;
				GCC_NO_COMMON_BLOCKS = YES;
				GCC_OPTIMIZATION_LEVEL = 0;
				GCC_PREPROCESSOR_DEFINITIONS = (
					"DEBUG=1",
					"$(inherited)",
				);
				GCC_WARN_64_TO_32_BIT_CONVERSION = YES;
				GCC_WARN_ABOUT_RETURN_TYPE = YES_ERROR;
				GCC_WARN_UNDECLARED_SELECTOR = YES;
				GCC_WARN_UNINITIALIZED_AUTOS = YES_AGGRESSIVE;
				GCC_WARN_UNUSED_FUNCTION = YES;
				GCC_WARN_UNUSED_VARIABLE = YES;
				IPHONEOS_DEPLOYMENT_TARGET = 16.4;
				MTL_ENABLE_DEBUG_INFO = INCLUDE_SOURCE;
				MTL_FAST_MATH = YES;
				ONLY_ACTIVE_ARCH = YES;
				SDKROOT = iphoneos;
				SWIFT_ACTIVE_COMPILATION_CONDITIONS = DEBUG;
				SWIFT_OPTIMIZATION_LEVEL = "-Onone";
			};
			name = Debug;
		};
		BA526C962F90D47C00576EC9 /* Release */ = {
			isa = XCBuildConfiguration;
			buildSettings = {
				ALWAYS_SEARCH_USER_PATHS = NO;
				CLANG_ANALYZER_LOCALIZABILITY_NONLOCALIZED = YES;
				CLANG_ANALYZER_NONNULL = YES;
				CLANG_ANALYZER_NUMBER_OBJECT_CONVERSION = YES_AGGRESSIVE;
				CLANG_CXX_LANGUAGE_STANDARD = "gnu++20";
				CLANG_ENABLE_MODULES = YES;
				CLANG_ENABLE_OBJC_ARC = YES;
				CLANG_ENABLE_OBJC_WEAK = YES;
				CLANG_WARN_BLOCK_CAPTURE_AUTORELEASING = YES;
				CLANG_WARN_BOOL_CONVERSION = YES;
				CLANG_WARN_COMMA = YES;
				CLANG_WARN_CONSTANT_CONVERSION = YES;
				CLANG_WARN_DEPRECATED_OBJC_IMPLEMENTATIONS = YES;
				CLANG_WARN_DIRECT_OBJC_ISA_USAGE = YES_ERROR;
				CLANG_WARN_DOCUMENTATION_COMMENTS = YES;
				CLANG_WARN_EMPTY_BODY = YES;
				CLANG_WARN_ENUM_CONVERSION = YES;
				CLANG_WARN_INFINITE_RECURSION = YES;
				CLANG_WARN_INT_CONVERSION = YES;
				CLANG_WARN_NON_LITERAL_NULL_CONVERSION = YES;
				CLANG_WARN_OBJC_IMPLICIT_RETAIN_SELF = YES;
				CLANG_WARN_OBJC_LITERAL_CONVERSION = YES;
				CLANG_WARN_OBJC_ROOT_CLASS = YES_ERROR;
				CLANG_WARN_QUOTED_INCLUDE_IN_FRAMEWORK_HEADER = YES;
				CLANG_WARN_RANGE_LOOP_ANALYSIS = YES;
				CLANG_WARN_STRICT_PROTOTYPES = YES;
				CLANG_WARN_SUSPICIOUS_MOVE = YES;
				CLANG_WARN_UNGUARDED_AVAILABILITY = YES_AGGRESSIVE;
				CLANG_WARN_UNREACHABLE_CODE = YES;
				CLANG_WARN__DUPLICATE_METHOD_MATCH = YES;
				COPY_PHASE_STRIP = NO;
				DEBUG_INFORMATION_FORMAT = "dwarf-with-dsym";
				ENABLE_NS_ASSERTIONS = NO;
				ENABLE_STRICT_OBJC_MSGSEND = YES;
				GCC_C_LANGUAGE_STANDARD = gnu11;
				GCC_NO_COMMON_BLOCKS = YES;
				GCC_WARN_64_TO_32_BIT_CONVERSION = YES;
				GCC_WARN_ABOUT_RETURN_TYPE = YES_ERROR;
				GCC_WARN_UNDECLARED_SELECTOR = YES;
				GCC_WARN_UNINITIALIZED_AUTOS = YES_AGGRESSIVE;
				GCC_WARN_UNUSED_FUNCTION = YES;
				GCC_WARN_UNUSED_VARIABLE = YES;
				IPHONEOS_DEPLOYMENT_TARGET = 16.4;
				MTL_ENABLE_DEBUG_INFO = NO;
				MTL_FAST_MATH = YES;
				SDKROOT = iphoneos;
				SWIFT_COMPILATION_MODE = wholemodule;
				SWIFT_OPTIMIZATION_LEVEL = "-O";
				VALIDATE_PRODUCT = YES;
			};
			name = Release;
		};
		BA526C982F90D47C00576EC9 /* Debug */ = {
			isa = XCBuildConfiguration;
			buildSettings = {
				ASSETCATALOG_COMPILER_APPICON_NAME = AppIcon;
				ASSETCATALOG_COMPILER_GLOBAL_ACCENT_COLOR_NAME = AccentColor;
				CODE_SIGN_STYLE = Automatic;
				CURRENT_PROJECT_VERSION = 1;
				GENERATE_INFOPLIST_FILE = YES;
				INFOPLIST_FILE = lab2_2/Info.plist;
				INFOPLIST_KEY_UIApplicationSupportsIndirectInputEvents = YES;
				INFOPLIST_KEY_UILaunchStoryboardName = LaunchScreen;
				INFOPLIST_KEY_UIMainStoryboardFile = Main;
				INFOPLIST_KEY_UISupportedInterfaceOrientations_iPad = "UIInterfaceOrientationPortrait UIInterfaceOrientationPortraitUpsideDown UIInterfaceOrientationLandscapeLeft UIInterfaceOrientationLandscapeRight";
				INFOPLIST_KEY_UISupportedInterfaceOrientations_iPhone = "UIInterfaceOrientationPortrait UIInterfaceOrientationLandscapeLeft UIInterfaceOrientationLandscapeRight";
				LD_RUNPATH_SEARCH_PATHS = (
					"$(inherited)",
					"@executable_path/Frameworks",
				);
				MARKETING_VERSION = 1.0;
				PRODUCT_BUNDLE_IDENTIFIER = "esraa.lab2-2";
				PRODUCT_NAME = "$(TARGET_NAME)";
				SWIFT_EMIT_LOC_STRINGS = YES;
				SWIFT_VERSION = 5.0;
				TARGETED_DEVICE_FAMILY = "1,2";
			};
			name = Debug;
		};
		BA526C992F90D47C00576EC9 /* Release */ = {
			isa = XCBuildConfiguration;
			buildSettings = {
				ASSETCATALOG_COMPILER_APPICON_NAME = AppIcon;
				ASSETCATALOG_COMPILER_GLOBAL_ACCENT_COLOR_NAME = AccentColor;
				CODE_SIGN_STYLE = Automatic;
				CURRENT_PROJECT_VERSION = 1;
				GENERATE_INFOPLIST_FILE = YES;
				INFOPLIST_FILE = lab2_2/Info.plist;
				INFOPLIST_KEY_UIApplicationSupportsIndirectInputEvents = YES;
				INFOPLIST_KEY_UILaunchStoryboardName = LaunchScreen;
				INFOPLIST_KEY_UIMainStoryboardFile = Main;
				INFOPLIST_KEY_UISupportedInterfaceOrientations_iPad = "UIInterfaceOrientationPortrait UIInterfaceOrientationPortraitUpsideDown UIInterfaceOrientationLandscapeLeft UIInterfaceOrientationLandscapeRight";
				INFOPLIST_KEY_UISupportedInterfaceOrientations_iPhone = "UIInterfaceOrientationPortrait UIInterfaceOrientationLandscapeLeft UIInterfaceOrientationLandscapeRight";
				LD_RUNPATH_SEARCH_PATHS = (
					"$(inherited)",
					"@executable_path/Frameworks",
				);
				MARKETING_VERSION = 1.0;
				PRODUCT_BUNDLE_IDENTIFIER = "esraa.lab2-2";
				PRODUCT_NAME = "$(TARGET_NAME)";
				SWIFT_EMIT_LOC_STRINGS = YES;
				SWIFT_VERSION = 5.0;
				TARGETED_DEVICE_FAMILY = "1,2";
			};
			name = Release;
		};
		BA526C9B2F90D47C00576EC9 /* Debug */ = {
			isa = XCBuildConfiguration;
			buildSettings = {
				ALWAYS_EMBED_SWIFT_STANDARD_LIBRARIES = YES;
				BUNDLE_LOADER = "$(TEST_HOST)";
				CODE_SIGN_STYLE = Automatic;
				CURRENT_PROJECT_VERSION = 1;
				GENERATE_INFOPLIST_FILE = YES;
				IPHONEOS_DEPLOYMENT_TARGET = 16.4;
				MARKETING_VERSION = 1.0;
				PRODUCT_BUNDLE_IDENTIFIER = "esraa.lab2-2Tests";
				PRODUCT_NAME = "$(TARGET_NAME)";
				SWIFT_EMIT_LOC_STRINGS = NO;
				SWIFT_VERSION = 5.0;
				TARGETED_DEVICE_FAMILY = "1,2";
				TEST_HOST = "$(BUILT_PRODUCTS_DIR)/lab2_2.app/$(BUNDLE_EXECUTABLE_FOLDER_PATH)/lab2_2";
			};
			name = Debug;
		};
		BA526C9C2F90D47C00576EC9 /* Release */ = {
			isa = XCBuildConfiguration;
			buildSettings = {
				ALWAYS_EMBED_SWIFT_STANDARD_LIBRARIES = YES;
				BUNDLE_LOADER = "$(TEST_HOST)";
				CODE_SIGN_STYLE = Automatic;
				CURRENT_PROJECT_VERSION = 1;
				GENERATE_INFOPLIST_FILE = YES;
				IPHONEOS_DEPLOYMENT_TARGET = 16.4;
				MARKETING_VERSION = 1.0;
				PRODUCT_BUNDLE_IDENTIFIER = "esraa.lab2-2Tests";
				PRODUCT_NAME = "$(TARGET_NAME)";
				SWIFT_EMIT_LOC_STRINGS = NO;
				SWIFT_VERSION = 5.0;
				TARGETED_DEVICE_FAMILY = "1,2";
				TEST_HOST = "$(BUILT_PRODUCTS_DIR)/lab2_2.app/$(BUNDLE_EXECUTABLE_FOLDER_PATH)/lab2_2";
			};
			name = Release;
		};
		BA526C9E2F90D47C00576EC9 /* Debug */ = {
			isa = XCBuildConfiguration;
			buildSettings = {
				ALWAYS_EMBED_SWIFT_STANDARD_LIBRARIES = YES;
				CODE_SIGN_STYLE = Automatic;
				CURRENT_PROJECT_VERSION = 1;
				GENERATE_INFOPLIST_FILE = YES;
				MARKETING_VERSION = 1.0;
				PRODUCT_BUNDLE_IDENTIFIER = "esraa.lab2-2UITests";
				PRODUCT_NAME = "$(TARGET_NAME)";
				SWIFT_EMIT_LOC_STRINGS = NO;
				SWIFT_VERSION = 5.0;
				TARGETED_DEVICE_FAMILY = "1,2";
				TEST_TARGET_NAME = lab2_2;
			};
			name = Debug;
		};
		BA526C9F2F90D47C00576EC9 /* Release */ = {
			isa = XCBuildConfiguration;
			buildSettings = {
				ALWAYS_EMBED_SWIFT_STANDARD_LIBRARIES = YES;
				CODE_SIGN_STYLE = Automatic;
				CURRENT_PROJECT_VERSION = 1;
				GENERATE_INFOPLIST_FILE = YES;
				MARKETING_VERSION = 1.0;
				PRODUCT_BUNDLE_IDENTIFIER = "esraa.lab2-2UITests";
				PRODUCT_NAME = "$(TARGET_NAME)";
				SWIFT_EMIT_LOC_STRINGS = NO;
				SWIFT_VERSION = 5.0;
				TARGETED_DEVICE_FAMILY = "1,2";
				TEST_TARGET_NAME = lab2_2;
			};
			name = Release;
		};
/* End XCBuildConfiguration section */

/* Begin XCConfigurationList section */
		BA526C682F90D47900576EC9 /* Build configuration list for PBXProject "lab2_2" */ = {
			isa = XCConfigurationList;
			buildConfigurations = (
				BA526C952F90D47C00576EC9 /* Debug */,
				BA526C962F90D47C00576EC9 /* Release */,
			);
			defaultConfigurationIsVisible = 0;
			defaultConfigurationName = Release;
		};
		BA526C972F90D47C00576EC9 /* Build configuration list for PBXNativeTarget "lab2_2" */ = {
			isa = XCConfigurationList;
			buildConfigurations = (
				BA526C982F90D47C00576EC9 /* Debug */,
				BA526C992F90D47C00576EC9 /* Release */,
			);
			defaultConfigurationIsVisible = 0;
			defaultConfigurationName = Release;
		};
		BA526C9A2F90D47C00576EC9 /* Build configuration list for PBXNativeTarget "lab2_2Tests" */ = {
			isa = XCConfigurationList;
			buildConfigurations = (
				BA526C9B2F90D47C00576EC9 /* Debug */,
				BA526C9C2F90D47C00576EC9 /* Release */,
			);
			defaultConfigurationIsVisible = 0;
			defaultConfigurationName = Release;
		};
		BA526C9D2F90D47C00576EC9 /* Build configuration list for PBXNativeTarget "lab2_2UITests" */ = {
			isa = XCConfigurationList;
			buildConfigurations = (
				BA526C9E2F90D47C00576EC9 /* Debug */,
				BA526C9F2F90D47C00576EC9 /* Release */,
			);
			defaultConfigurationIsVisible = 0;
			defaultConfigurationName = Release;
		};
/* End XCConfigurationList section */

/* Begin XCRemoteSwiftPackageReference section */
		BA8CB2A42F9A420B0057C5E8 /* XCRemoteSwiftPackageReference "SDWebImage" */ = {
			isa = XCRemoteSwiftPackageReference;
			repositoryURL = "https://github.com/SDWebImage/SDWebImage.git";
			requirement = {
				kind = exactVersion;
				version = 5.13.0;
			};
		};
/* End XCRemoteSwiftPackageReference section */

/* Begin XCSwiftPackageProductDependency section */
		BA8CB2A52F9A420B0057C5E8 /* SDWebImage */ = {
			isa = XCSwiftPackageProductDependency;
			package = BA8CB2A42F9A420B0057C5E8 /* XCRemoteSwiftPackageReference "SDWebImage" */;
			productName = SDWebImage;
		};
		BA8CB2A72F9A420B0057C5E8 /* SDWebImageMapKit */ = {
			isa = XCSwiftPackageProductDependency;
			package = BA8CB2A42F9A420B0057C5E8 /* XCRemoteSwiftPackageReference "SDWebImage" */;
			productName = SDWebImageMapKit;
		};
/* End XCSwiftPackageProductDependency section */

/* Begin XCVersionGroup section */
		BA8CB2E82F9A48B80057C5E8 /* MovieCoreData.xcdatamodeld */ = {
			isa = XCVersionGroup;
			children = (
				BA8CB2E92F9A48B80057C5E8 /* MovieCoreData.xcdatamodel */,
			);
			currentVersion = BA8CB2E92F9A48B80057C5E8 /* MovieCoreData.xcdatamodel */;
			path = MovieCoreData.xcdatamodeld;
			sourceTree = "<group>";
			versionGroupType = wrapper.xcdatamodel;
		};
/* End XCVersionGroup section */
	};
	rootObject = BA526C652F90D47900576EC9 /* Project object */;
}
