// !$*UTF8*$!
{
	archiveVersion = 1;
	classes = {
	};
	objectVersion = 56;
	objects = {

/* Begin PBXBuildFile section */
		BA7B23BA2F90B92E00F1FBBE /* AppDelegate.swift in Sources */ = {isa = PBXBuildFile; fileRef = BA7B23B92F90B92E00F1FBBE /* AppDelegate.swift */; };
		BA7B23BC2F90B92E00F1FBBE /* SceneDelegate.swift in Sources */ = {isa = PBXBuildFile; fileRef = BA7B23BB2F90B92E00F1FBBE /* SceneDelegate.swift */; };
		BA7B23BE2F90B92E00F1FBBE /* ViewController.swift in Sources */ = {isa = PBXBuildFile; fileRef = BA7B23BD2F90B92E00F1FBBE /* ViewController.swift */; };
		BA7B23C12F90B92E00F1FBBE /* Main.storyboard in Resources */ = {isa = PBXBuildFile; fileRef = BA7B23BF2F90B92E00F1FBBE /* Main.storyboard */; };
		BA7B23C32F90B93300F1FBBE /* Assets.xcassets in Resources */ = {isa = PBXBuildFile; fileRef = BA7B23C22F90B93300F1FBBE /* Assets.xcassets */; };
		BA7B23C62F90B93300F1FBBE /* LaunchScreen.storyboard in Resources */ = {isa = PBXBuildFile; fileRef = BA7B23C42F90B93300F1FBBE /* LaunchScreen.storyboard */; };
		BA7B23D12F90B93300F1FBBE /* lab2_2Tests.swift in Sources */ = {isa = PBXBuildFile; fileRef = BA7B23D02F90B93300F1FBBE /* lab2_2Tests.swift */; };
		BA7B23DB2F90B93300F1FBBE /* lab2_2UITests.swift in Sources */ = {isa = PBXBuildFile; fileRef = BA7B23DA2F90B93300F1FBBE /* lab2_2UITests.swift */; };
		BA7B23DD2F90B93300F1FBBE /* lab2_2UITestsLaunchTests.swift in Sources */ = {isa = PBXBuildFile; fileRef = BA7B23DC2F90B93300F1FBBE /* lab2_2UITestsLaunchTests.swift */; };
/* End PBXBuildFile section */

/* Begin PBXContainerItemProxy section */
		BA7B23CD2F90B93300F1FBBE /* PBXContainerItemProxy */ = {
			isa = PBXContainerItemProxy;
			containerPortal = BA7B23AE2F90B92E00F1FBBE /* Project object */;
			proxyType = 1;
			remoteGlobalIDString = BA7B23B52F90B92E00F1FBBE;
			remoteInfo = lab2_2;
		};
		BA7B23D72F90B93300F1FBBE /* PBXContainerItemProxy */ = {
			isa = PBXContainerItemProxy;
			containerPortal = BA7B23AE2F90B92E00F1FBBE /* Project object */;
			proxyType = 1;
			remoteGlobalIDString = BA7B23B52F90B92E00F1FBBE;
			remoteInfo = lab2_2;
		};
/* End PBXContainerItemProxy section */

/* Begin PBXFileReference section */
		BA7B23B62F90B92E00F1FBBE /* lab2_2.app */ = {isa = PBXFileReference; explicitFileType = wrapper.application; includeInIndex = 0; path = lab2_2.app; sourceTree = BUILT_PRODUCTS_DIR; };
		BA7B23B92F90B92E00F1FBBE /* AppDelegate.swift */ = {isa = PBXFileReference; lastKnownFileType = sourcecode.swift; path = AppDelegate.swift; sourceTree = "<group>"; };
		BA7B23BB2F90B92E00F1FBBE /* SceneDelegate.swift */ = {isa = PBXFileReference; lastKnownFileType = sourcecode.swift; path = SceneDelegate.swift; sourceTree = "<group>"; };
		BA7B23BD2F90B92E00F1FBBE /* ViewController.swift */ = {isa = PBXFileReference; lastKnownFileType = sourcecode.swift; path = ViewController.swift; sourceTree = "<group>"; };
		BA7B23C02F90B92E00F1FBBE /* Base */ = {isa = PBXFileReference; lastKnownFileType = file.storyboard; name = Base; path = Base.lproj/Main.storyboard; sourceTree = "<group>"; };
		BA7B23C22F90B93300F1FBBE /* Assets.xcassets */ = {isa = PBXFileReference; lastKnownFileType = folder.assetcatalog; path = Assets.xcassets; sourceTree = "<group>"; };
		BA7B23C52F90B93300F1FBBE /* Base */ = {isa = PBXFileReference; lastKnownFileType = file.storyboard; name = Base; path = Base.lproj/LaunchScreen.storyboard; sourceTree = "<group>"; };
		BA7B23C72F90B93300F1FBBE /* Info.plist */ = {isa = PBXFileReference; lastKnownFileType = text.plist.xml; path = Info.plist; sourceTree = "<group>"; };
		BA7B23CC2F90B93300F1FBBE /* lab2_2Tests.xctest */ = {isa = PBXFileReference; explicitFileType = wrapper.cfbundle; includeInIndex = 0; path = lab2_2Tests.xctest; sourceTree = BUILT_PRODUCTS_DIR; };
		BA7B23D02F90B93300F1FBBE /* lab2_2Tests.swift */ = {isa = PBXFileReference; lastKnownFileType = sourcecode.swift; path = lab2_2Tests.swift; sourceTree = "<group>"; };
		BA7B23D62F90B93300F1FBBE /* lab2_2UITests.xctest */ = {isa = PBXFileReference; explicitFileType = wrapper.cfbundle; includeInIndex = 0; path = lab2_2UITests.xctest; sourceTree = BUILT_PRODUCTS_DIR; };
		BA7B23DA2F90B93300F1FBBE /* lab2_2UITests.swift */ = {isa = PBXFileReference; lastKnownFileType = sourcecode.swift; path = lab2_2UITests.swift; sourceTree = "<group>"; };
		BA7B23DC2F90B93300F1FBBE /* lab2_2UITestsLaunchTests.swift */ = {isa = PBXFileReference; lastKnownFileType = sourcecode.swift; path = lab2_2UITestsLaunchTests.swift; sourceTree = "<group>"; };
/* End PBXFileReference section */

/* Begin PBXFrameworksBuildPhase section */
		BA7B23B32F90B92E00F1FBBE /* Frameworks */ = {
			isa = PBXFrameworksBuildPhase;
			buildActionMask = 2147483647;
			files = (
			);
			runOnlyForDeploymentPostprocessing = 0;
		};
		BA7B23C92F90B93300F1FBBE /* Frameworks */ = {
			isa = PBXFrameworksBuildPhase;
			buildActionMask = 2147483647;
			files = (
			);
			runOnlyForDeploymentPostprocessing = 0;
		};
		BA7B23D32F90B93300F1FBBE /* Frameworks */ = {
			isa = PBXFrameworksBuildPhase;
			buildActionMask = 2147483647;
			files = (
			);
			runOnlyForDeploymentPostprocessing = 0;
		};
/* End PBXFrameworksBuildPhase section */

/* Begin PBXGroup section */
		BA7B23AD2F90B92E00F1FBBE = {
			isa = PBXGroup;
			children = (
				BA7B23B82F90B92E00F1FBBE /* lab2_2 */,
				BA7B23CF2F90B93300F1FBBE /* lab2_2Tests */,
				BA7B23D92F90B93300F1FBBE /* lab2_2UITests */,
				BA7B23B72F90B92E00F1FBBE /* Products */,
			);
			sourceTree = "<group>";
		};
		BA7B23B72F90B92E00F1FBBE /* Products */ = {
			isa = PBXGroup;
			children = (
				BA7B23B62F90B92E00F1FBBE /* lab2_2.app */,
				BA7B23CC2F90B93300F1FBBE /* lab2_2Tests.xctest */,
				BA7B23D62F90B93300F1FBBE /* lab2_2UITests.xctest */,
			);
			name = Products;
			sourceTree = "<group>";
		};
		BA7B23B82F90B92E00F1FBBE /* lab2_2 */ = {
			isa = PBXGroup;
			children = (
				BA7B23B92F90B92E00F1FBBE /* AppDelegate.swift */,
				BA7B23BB2F90B92E00F1FBBE /* SceneDelegate.swift */,
				BA7B23BD2F90B92E00F1FBBE /* ViewController.swift */,
				BA7B23BF2F90B92E00F1FBBE /* Main.storyboard */,
				BA7B23C22F90B93300F1FBBE /* Assets.xcassets */,
				BA7B23C42F90B93300F1FBBE /* LaunchScreen.storyboard */,
				BA7B23C72F90B93300F1FBBE /* Info.plist */,
			);
			path = lab2_2;
			sourceTree = "<group>";
		};
		BA7B23CF2F90B93300F1FBBE /* lab2_2Tests */ = {
			isa = PBXGroup;
			children = (
				BA7B23D02F90B93300F1FBBE /* lab2_2Tests.swift */,
			);
			path = lab2_2Tests;
			sourceTree = "<group>";
		};
		BA7B23D92F90B93300F1FBBE /* lab2_2UITests */ = {
			isa = PBXGroup;
			children = (
				BA7B23DA2F90B93300F1FBBE /* lab2_2UITests.swift */,
				BA7B23DC2F90B93300F1FBBE /* lab2_2UITestsLaunchTests.swift */,
			);
			path = lab2_2UITests;
			sourceTree = "<group>";
		};
/* End PBXGroup section */

/* Begin PBXNativeTarget section */
		BA7B23B52F90B92E00F1FBBE /* lab2_2 */ = {
			isa = PBXNativeTarget;
			buildConfigurationList = BA7B23E02F90B93300F1FBBE /* Build configuration list for PBXNativeTarget "lab2_2" */;
			buildPhases = (
				BA7B23B22F90B92E00F1FBBE /* Sources */,
				BA7B23B32F90B92E00F1FBBE /* Frameworks */,
				BA7B23B42F90B92E00F1FBBE /* Resources */,
			);
			buildRules = (
			);
			dependencies = (
			);
			name = lab2_2;
			productName = lab2_2;
			productReference = BA7B23B62F90B92E00F1FBBE /* lab2_2.app */;
			productType = "com.apple.product-type.application";
		};
		BA7B23CB2F90B93300F1FBBE /* lab2_2Tests */ = {
			isa = PBXNativeTarget;
			buildConfigurationList = BA7B23E32F90B93300F1FBBE /* Build configuration list for PBXNativeTarget "lab2_2Tests" */;
			buildPhases = (
				BA7B23C82F90B93300F1FBBE /* Sources */,
				BA7B23C92F90B93300F1FBBE /* Frameworks */,
				BA7B23CA2F90B93300F1FBBE /* Resources */,
			);
			buildRules = (
			);
			dependencies = (
				BA7B23CE2F90B93300F1FBBE /* PBXTargetDependency */,
			);
			name = lab2_2Tests;
			productName = lab2_2Tests;
			productReference = BA7B23CC2F90B93300F1FBBE /* lab2_2Tests.xctest */;
			productType = "com.apple.product-type.bundle.unit-test";
		};
		BA7B23D52F90B93300F1FBBE /* lab2_2UITests */ = {
			isa = PBXNativeTarget;
			buildConfigurationList = BA7B23E62F90B93300F1FBBE /* Build configuration list for PBXNativeTarget "lab2_2UITests" */;
			buildPhases = (
				BA7B23D22F90B93300F1FBBE /* Sources */,
				BA7B23D32F90B93300F1FBBE /* Frameworks */,
				BA7B23D42F90B93300F1FBBE /* Resources */,
			);
			buildRules = (
			);
			dependencies = (
				BA7B23D82F90B93300F1FBBE /* PBXTargetDependency */,
			);
			name = lab2_2UITests;
			productName = lab2_2UITests;
			productReference = BA7B23D62F90B93300F1FBBE /* lab2_2UITests.xctest */;
			productType = "com.apple.product-type.bundle.ui-testing";
		};
/* End PBXNativeTarget section */

/* Begin PBXProject section */
		BA7B23AE2F90B92E00F1FBBE /* Project object */ = {
			isa = PBXProject;
			attributes = {
				BuildIndependentTargetsInParallel = 1;
				LastSwiftUpdateCheck = 1430;
				LastUpgradeCheck = 1430;
				TargetAttributes = {
					BA7B23B52F90B92E00F1FBBE = {
						CreatedOnToolsVersion = 14.3;
					};
					BA7B23CB2F90B93300F1FBBE = {
						CreatedOnToolsVersion = 14.3;
						TestTargetID = BA7B23B52F90B92E00F1FBBE;
					};
					BA7B23D52F90B93300F1FBBE = {
						CreatedOnToolsVersion = 14.3;
						TestTargetID = BA7B23B52F90B92E00F1FBBE;
					};
				};
			};
			buildConfigurationList = BA7B23B12F90B92E00F1FBBE /* Build configuration list for PBXProject "lab2_2" */;
			compatibilityVersion = "Xcode 14.0";
			developmentRegion = en;
			hasScannedForEncodings = 0;
			knownRegions = (
				en,
				Base,
			);
			mainGroup = BA7B23AD2F90B92E00F1FBBE;
			productRefGroup = BA7B23B72F90B92E00F1FBBE /* Products */;
			projectDirPath = "";
			projectRoot = "";
			targets = (
				BA7B23B52F90B92E00F1FBBE /* lab2_2 */,
				BA7B23CB2F90B93300F1FBBE /* lab2_2Tests */,
				BA7B23D52F90B93300F1FBBE /* lab2_2UITests */,
			);
		};
/* End PBXProject section */

/* Begin PBXResourcesBuildPhase section */
		BA7B23B42F90B92E00F1FBBE /* Resources */ = {
			isa = PBXResourcesBuildPhase;
			buildActionMask = 2147483647;
			files = (
				BA7B23C62F90B93300F1FBBE /* LaunchScreen.storyboard in Resources */,
				BA7B23C32F90B93300F1FBBE /* Assets.xcassets in Resources */,
				BA7B23C12F90B92E00F1FBBE /* Main.storyboard in Resources */,
			);
			runOnlyForDeploymentPostprocessing = 0;
		};
		BA7B23CA2F90B93300F1FBBE /* Resources */ = {
			isa = PBXResourcesBuildPhase;
			buildActionMask = 2147483647;
			files = (
			);
			runOnlyForDeploymentPostprocessing = 0;
		};
		BA7B23D42F90B93300F1FBBE /* Resources */ = {
			isa = PBXResourcesBuildPhase;
			buildActionMask = 2147483647;
			files = (
			);
			runOnlyForDeploymentPostprocessing = 0;
		};
/* End PBXResourcesBuildPhase section */

/* Begin PBXSourcesBuildPhase section */
		BA7B23B22F90B92E00F1FBBE /* Sources */ = {
			isa = PBXSourcesBuildPhase;
			buildActionMask = 2147483647;
			files = (
				BA7B23BE2F90B92E00F1FBBE /* ViewController.swift in Sources */,
				BA7B23BA2F90B92E00F1FBBE /* AppDelegate.swift in Sources */,
				BA7B23BC2F90B92E00F1FBBE /* SceneDelegate.swift in Sources */,
			);
			runOnlyForDeploymentPostprocessing = 0;
		};
		BA7B23C82F90B93300F1FBBE /* Sources */ = {
			isa = PBXSourcesBuildPhase;
			buildActionMask = 2147483647;
			files = (
				BA7B23D12F90B93300F1FBBE /* lab2_2Tests.swift in Sources */,
			);
			runOnlyForDeploymentPostprocessing = 0;
		};
		BA7B23D22F90B93300F1FBBE /* Sources */ = {
			isa = PBXSourcesBuildPhase;
			buildActionMask = 2147483647;
			files = (
				BA7B23DD2F90B93300F1FBBE /* lab2_2UITestsLaunchTests.swift in Sources */,
				BA7B23DB2F90B93300F1FBBE /* lab2_2UITests.swift in Sources */,
			);
			runOnlyForDeploymentPostprocessing = 0;
		};
/* End PBXSourcesBuildPhase section */

/* Begin PBXTargetDependency section */
		BA7B23CE2F90B93300F1FBBE /* PBXTargetDependency */ = {
			isa = PBXTargetDependency;
			target = BA7B23B52F90B92E00F1FBBE /* lab2_2 */;
			targetProxy = BA7B23CD2F90B93300F1FBBE /* PBXContainerItemProxy */;
		};
		BA7B23D82F90B93300F1FBBE /* PBXTargetDependency */ = {
			isa = PBXTargetDependency;
			target = BA7B23B52F90B92E00F1FBBE /* lab2_2 */;
			targetProxy = BA7B23D72F90B93300F1FBBE /* PBXContainerItemProxy */;
		};
/* End PBXTargetDependency section */

/* Begin PBXVariantGroup section */
		BA7B23BF2F90B92E00F1FBBE /* Main.storyboard */ = {
			isa = PBXVariantGroup;
			children = (
				BA7B23C02F90B92E00F1FBBE /* Base */,
			);
			name = Main.storyboard;
			sourceTree = "<group>";
		};
		BA7B23C42F90B93300F1FBBE /* LaunchScreen.storyboard */ = {
			isa = PBXVariantGroup;
			children = (
				BA7B23C52F90B93300F1FBBE /* Base */,
			);
			name = LaunchScreen.storyboard;
			sourceTree = "<group>";
		};
/* End PBXVariantGroup section */

/* Begin XCBuildConfiguration section */
		BA7B23DE2F90B93300F1FBBE /* Debug */ = {
			isa = XCBuildConfiguration;
			buildSettings = {
				ALWAYS_SEARCH_USER_PATHS = NO;
				CLANG_ANALYZER_NONNULL = YES;
				CLANG_ANALYZER_NUMBER_OBJECT_CONVERSION = YES_AGGRESSIVE;
				CLANG_CXX_LANGUAGE_STANDARD = "gnu++20";
				CLANG_ENABLE_MODULES = YES;
				CLANG_ENABLE_OBJC_ARC = YES;
				CLANG_ENABLE_OBJC_WEAK = YES;
				CLANG_WARN_BLOCK_CAPTURE_AUTORELEASING = YES;
				CLANG_WARN_BOOL_CONVERSION = YES;
				CLANG_WARN_COMMA = YES;
				CLANG_WARN_CONSTANT_CONVERSION = YES;
				CLANG_WARN_DEPRECATED_OBJC_IMPLEMENTATIONS = YES;
				CLANG_WARN_DIRECT_OBJC_ISA_USAGE = YES_ERROR;
				CLANG_WARN_DOCUMENTATION_COMMENTS = YES;
				CLANG_WARN_EMPTY_BODY = YES;
				CLANG_WARN_ENUM_CONVERSION = YES;
				CLANG_WARN_INFINITE_RECURSION = YES;
				CLANG_WARN_INT_CONVERSION = YES;
				CLANG_WARN_NON_LITERAL_NULL_CONVERSION = YES;
				CLANG_WARN_OBJC_IMPLICIT_RETAIN_SELF = YES;
				CLANG_WARN_OBJC_LITERAL_CONVERSION = YES;
				CLANG_WARN_OBJC_ROOT_CLASS = YES_ERROR;
				CLANG_WARN_QUOTED_INCLUDE_IN_FRAMEWORK_HEADER = YES;
				CLANG_WARN_RANGE_LOOP_ANALYSIS = YES;
				CLANG_WARN_STRICT_PROTOTYPES = YES;
				CLANG_WARN_SUSPICIOUS_MOVE = YES;
				CLANG_WARN_UNGUARDED_AVAILABILITY = YES_AGGRESSIVE;
				CLANG_WARN_UNREACHABLE_CODE = YES;
				CLANG_WARN__DUPLICATE_METHOD_MATCH = YES;
				COPY_PHASE_STRIP = NO;
				DEBUG_INFORMATION_FORMAT = dwarf;
				ENABLE_STRICT_OBJC_MSGSEND = YES;
				ENABLE_TESTABILITY = YES;
				GCC_C_LANGUAGE_STANDARD = gnu11;
				GCC_DYNAMIC_NO_PIC = NO;
				GCC_NO_COMMON_BLOCKS = YES;
				GCC_OPTIMIZATION_LEVEL = 0;
				GCC_PREPROCESSOR_DEFINITIONS = (
					"DEBUG=1",
					"$(inherited)",
				);
				GCC_WARN_64_TO_32_BIT_CONVERSION = YES;
				GCC_WARN_ABOUT_RETURN_TYPE = YES_ERROR;
				GCC_WARN_UNDECLARED_SELECTOR = YES;
				GCC_WARN_UNINITIALIZED_AUTOS = YES_AGGRESSIVE;
				GCC_WARN_UNUSED_FUNCTION = YES;
				GCC_WARN_UNUSED_VARIABLE = YES;
				IPHONEOS_DEPLOYMENT_TARGET = 16.4;
				MTL_ENABLE_DEBUG_INFO = INCLUDE_SOURCE;
				MTL_FAST_MATH = YES;
				ONLY_ACTIVE_ARCH = YES;
				SDKROOT = iphoneos;
				SWIFT_ACTIVE_COMPILATION_CONDITIONS = DEBUG;
				SWIFT_OPTIMIZATION_LEVEL = "-Onone";
			};
			name = Debug;
		};
		BA7B23DF2F90B93300F1FBBE /* Release */ = {
			isa = XCBuildConfiguration;
			buildSettings = {
				ALWAYS_SEARCH_USER_PATHS = NO;
				CLANG_ANALYZER_NONNULL = YES;
				CLANG_ANALYZER_NUMBER_OBJECT_CONVERSION = YES_AGGRESSIVE;
				CLANG_CXX_LANGUAGE_STANDARD = "gnu++20";
				CLANG_ENABLE_MODULES = YES;
				CLANG_ENABLE_OBJC_ARC = YES;
				CLANG_ENABLE_OBJC_WEAK = YES;
				CLANG_WARN_BLOCK_CAPTURE_AUTORELEASING = YES;
				CLANG_WARN_BOOL_CONVERSION = YES;
				CLANG_WARN_COMMA = YES;
				CLANG_WARN_CONSTANT_CONVERSION = YES;
				CLANG_WARN_DEPRECATED_OBJC_IMPLEMENTATIONS = YES;
				CLANG_WARN_DIRECT_OBJC_ISA_USAGE = YES_ERROR;
				CLANG_WARN_DOCUMENTATION_COMMENTS = YES;
				CLANG_WARN_EMPTY_BODY = YES;
				CLANG_WARN_ENUM_CONVERSION = YES;
				CLANG_WARN_INFINITE_RECURSION = YES;
				CLANG_WARN_INT_CONVERSION = YES;
				CLANG_WARN_NON_LITERAL_NULL_CONVERSION = YES;
				CLANG_WARN_OBJC_IMPLICIT_RETAIN_SELF = YES;
				CLANG_WARN_OBJC_LITERAL_CONVERSION = YES;
				CLANG_WARN_OBJC_ROOT_CLASS = YES_ERROR;
				CLANG_WARN_QUOTED_INCLUDE_IN_FRAMEWORK_HEADER = YES;
				CLANG_WARN_RANGE_LOOP_ANALYSIS = YES;
				CLANG_WARN_STRICT_PROTOTYPES = YES;
				CLANG_WARN_SUSPICIOUS_MOVE = YES;
				CLANG_WARN_UNGUARDED_AVAILABILITY = YES_AGGRESSIVE;
				CLANG_WARN_UNREACHABLE_CODE = YES;
				CLANG_WARN__DUPLICATE_METHOD_MATCH = YES;
				COPY_PHASE_STRIP = NO;
				DEBUG_INFORMATION_FORMAT = "dwarf-with-dsym";
				ENABLE_NS_ASSERTIONS = NO;
				ENABLE_STRICT_OBJC_MSGSEND = YES;
				GCC_C_LANGUAGE_STANDARD = gnu11;
				GCC_NO_COMMON_BLOCKS = YES;
				GCC_WARN_64_TO_32_BIT_CONVERSION = YES;
				GCC_WARN_ABOUT_RETURN_TYPE = YES_ERROR;
				GCC_WARN_UNDECLARED_SELECTOR = YES;
				GCC_WARN_UNINITIALIZED_AUTOS = YES_AGGRESSIVE;
				GCC_WARN_UNUSED_FUNCTION = YES;
				GCC_WARN_UNUSED_VARIABLE = YES;
				IPHONEOS_DEPLOYMENT_TARGET = 16.4;
				MTL_ENABLE_DEBUG_INFO = NO;
				MTL_FAST_MATH = YES;
				SDKROOT = iphoneos;
				SWIFT_COMPILATION_MODE = wholemodule;
				SWIFT_OPTIMIZATION_LEVEL = "-O";
				VALIDATE_PRODUCT = YES;
			};
			name = Release;
		};
		BA7B23E12F90B93300F1FBBE /* Debug */ = {
			isa = XCBuildConfiguration;
			buildSettings = {
				ASSETCATALOG_COMPILER_APPICON_NAME = AppIcon;
				ASSETCATALOG_COMPILER_GLOBAL_ACCENT_COLOR_NAME = AccentColor;
				CODE_SIGN_STYLE = Automatic;
				CURRENT_PROJECT_VERSION = 1;
				GENERATE_INFOPLIST_FILE = YES;
				INFOPLIST_FILE = lab2_2/Info.plist;
				INFOPLIST_KEY_UIApplicationSupportsIndirectInputEvents = YES;
				INFOPLIST_KEY_UILaunchStoryboardName = LaunchScreen;
				INFOPLIST_KEY_UIMainStoryboardFile = Main;
				INFOPLIST_KEY_UISupportedInterfaceOrientations_iPad = "UIInterfaceOrientationPortrait UIInterfaceOrientationPortraitUpsideDown UIInterfaceOrientationLandscapeLeft UIInterfaceOrientationLandscapeRight";
				INFOPLIST_KEY_UISupportedInterfaceOrientations_iPhone = "UIInterfaceOrientationPortrait UIInterfaceOrientationLandscapeLeft UIInterfaceOrientationLandscapeRight";
				LD_RUNPATH_SEARCH_PATHS = (
					"$(inherited)",
					"@executable_path/Frameworks",
				);
				MARKETING_VERSION = 1.0;
				PRODUCT_BUNDLE_IDENTIFIER = "esraa.lab2-2";
				PRODUCT_NAME = "$(TARGET_NAME)";
				SWIFT_EMIT_LOC_STRINGS = YES;
				SWIFT_VERSION = 5.0;
				TARGETED_DEVICE_FAMILY = "1,2";
			};
			name = Debug;
		};
		BA7B23E22F90B93300F1FBBE /* Release */ = {
			isa = XCBuildConfiguration;
			buildSettings = {
				ASSETCATALOG_COMPILER_APPICON_NAME = AppIcon;
				ASSETCATALOG_COMPILER_GLOBAL_ACCENT_COLOR_NAME = AccentColor;
				CODE_SIGN_STYLE = Automatic;
				CURRENT_PROJECT_VERSION = 1;
				GENERATE_INFOPLIST_FILE = YES;
				INFOPLIST_FILE = lab2_2/Info.plist;
				INFOPLIST_KEY_UIApplicationSupportsIndirectInputEvents = YES;
				INFOPLIST_KEY_UILaunchStoryboardName = LaunchScreen;
				INFOPLIST_KEY_UIMainStoryboardFile = Main;
				INFOPLIST_KEY_UISupportedInterfaceOrientations_iPad = "UIInterfaceOrientationPortrait UIInterfaceOrientationPortraitUpsideDown UIInterfaceOrientationLandscapeLeft UIInterfaceOrientationLandscapeRight";
				INFOPLIST_KEY_UISupportedInterfaceOrientations_iPhone = "UIInterfaceOrientationPortrait UIInterfaceOrientationLandscapeLeft UIInterfaceOrientationLandscapeRight";
				LD_RUNPATH_SEARCH_PATHS = (
					"$(inherited)",
					"@executable_path/Frameworks",
				);
				MARKETING_VERSION = 1.0;
				PRODUCT_BUNDLE_IDENTIFIER = "esraa.lab2-2";
				PRODUCT_NAME = "$(TARGET_NAME)";
				SWIFT_EMIT_LOC_STRINGS = YES;
				SWIFT_VERSION = 5.0;
				TARGETED_DEVICE_FAMILY = "1,2";
			};
			name = Release;
		};
		BA7B23E42F90B93300F1FBBE /* Debug */ = {
			isa = XCBuildConfiguration;
			buildSettings = {
				ALWAYS_EMBED_SWIFT_STANDARD_LIBRARIES = YES;
				BUNDLE_LOADER = "$(TEST_HOST)";
				CODE_SIGN_STYLE = Automatic;
				CURRENT_PROJECT_VERSION = 1;
				GENERATE_INFOPLIST_FILE = YES;
				IPHONEOS_DEPLOYMENT_TARGET = 16.4;
				MARKETING_VERSION = 1.0;
				PRODUCT_BUNDLE_IDENTIFIER = "esraa.lab2-2Tests";
				PRODUCT_NAME = "$(TARGET_NAME)";
				SWIFT_EMIT_LOC_STRINGS = NO;
				SWIFT_VERSION = 5.0;
				TARGETED_DEVICE_FAMILY = "1,2";
				TEST_HOST = "$(BUILT_PRODUCTS_DIR)/lab2_2.app/$(BUNDLE_EXECUTABLE_FOLDER_PATH)/lab2_2";
			};
			name = Debug;
		};
		BA7B23E52F90B93300F1FBBE /* Release */ = {
			isa = XCBuildConfiguration;
			buildSettings = {
				ALWAYS_EMBED_SWIFT_STANDARD_LIBRARIES = YES;
				BUNDLE_LOADER = "$(TEST_HOST)";
				CODE_SIGN_STYLE = Automatic;
				CURRENT_PROJECT_VERSION = 1;
				GENERATE_INFOPLIST_FILE = YES;
				IPHONEOS_DEPLOYMENT_TARGET = 16.4;
				MARKETING_VERSION = 1.0;
				PRODUCT_BUNDLE_IDENTIFIER = "esraa.lab2-2Tests";
				PRODUCT_NAME = "$(TARGET_NAME)";
				SWIFT_EMIT_LOC_STRINGS = NO;
				SWIFT_VERSION = 5.0;
				TARGETED_DEVICE_FAMILY = "1,2";
				TEST_HOST = "$(BUILT_PRODUCTS_DIR)/lab2_2.app/$(BUNDLE_EXECUTABLE_FOLDER_PATH)/lab2_2";
			};
			name = Release;
		};
		BA7B23E72F90B93300F1FBBE /* Debug */ = {
			isa = XCBuildConfiguration;
			buildSettings = {
				ALWAYS_EMBED_SWIFT_STANDARD_LIBRARIES = YES;
				CODE_SIGN_STYLE = Automatic;
				CURRENT_PROJECT_VERSION = 1;
				GENERATE_INFOPLIST_FILE = YES;
				MARKETING_VERSION = 1.0;
				PRODUCT_BUNDLE_IDENTIFIER = "esraa.lab2-2UITests";
				PRODUCT_NAME = "$(TARGET_NAME)";
				SWIFT_EMIT_LOC_STRINGS = NO;
				SWIFT_VERSION = 5.0;
				TARGETED_DEVICE_FAMILY = "1,2";
				TEST_TARGET_NAME = lab2_2;
			};
			name = Debug;
		};
		BA7B23E82F90B93300F1FBBE /* Release */ = {
			isa = XCBuildConfiguration;
			buildSettings = {
				ALWAYS_EMBED_SWIFT_STANDARD_LIBRARIES = YES;
				CODE_SIGN_STYLE = Automatic;
				CURRENT_PROJECT_VERSION = 1;
				GENERATE_INFOPLIST_FILE = YES;
				MARKETING_VERSION = 1.0;
				PRODUCT_BUNDLE_IDENTIFIER = "esraa.lab2-2UITests";
				PRODUCT_NAME = "$(TARGET_NAME)";
				SWIFT_EMIT_LOC_STRINGS = NO;
				SWIFT_VERSION = 5.0;
				TARGETED_DEVICE_FAMILY = "1,2";
				TEST_TARGET_NAME = lab2_2;
			};
			name = Release;
		};
/* End XCBuildConfiguration section */

/* Begin XCConfigurationList section */
		BA7B23B12F90B92E00F1FBBE /* Build configuration list for PBXProject "lab2_2" */ = {
			isa = XCConfigurationList;
			buildConfigurations = (
				BA7B23DE2F90B93300F1FBBE /* Debug */,
				BA7B23DF2F90B93300F1FBBE /* Release */,
			);
			defaultConfigurationIsVisible = 0;
			defaultConfigurationName = Release;
		};
		BA7B23E02F90B93300F1FBBE /* Build configuration list for PBXNativeTarget "lab2_2" */ = {
			isa = XCConfigurationList;
			buildConfigurations = (
				BA7B23E12F90B93300F1FBBE /* Debug */,
				BA7B23E22F90B93300F1FBBE /* Release */,
			);
			defaultConfigurationIsVisible = 0;
			defaultConfigurationName = Release;
		};
		BA7B23E32F90B93300F1FBBE /* Build configuration list for PBXNativeTarget "lab2_2Tests" */ = {
			isa = XCConfigurationList;
			buildConfigurations = (
				BA7B23E42F90B93300F1FBBE /* Debug */,
				BA7B23E52F90B93300F1FBBE /* Release */,
			);
			defaultConfigurationIsVisible = 0;
			defaultConfigurationName = Release;
		};
		BA7B23E62F90B93300F1FBBE /* Build configuration list for PBXNativeTarget "lab2_2UITests" */ = {
			isa = XCConfigurationList;
			buildConfigurations = (
				BA7B23E72F90B93300F1FBBE /* Debug */,
				BA7B23E82F90B93300F1FBBE /* Release */,
			);
			defaultConfigurationIsVisible = 0;
			defaultConfigurationName = Release;
		};
/* End XCConfigurationList section */
	};
	rootObject = BA7B23AE2F90B92E00F1FBBE /* Project object */;
}
