// !$*UTF8*$!
{
	archiveVersion = 1;
	classes = {
	};
	objectVersion = 56;
	objects = {

/* Begin PBXBuildFile section */
		BA8DBEDF2F94EC22001A5E01 /* AppDelegate.swift in Sources */ = {isa = PBXBuildFile; fileRef = BA8DBEDE2F94EC22001A5E01 /* AppDelegate.swift */; };
		BA8DBEE12F94EC22001A5E01 /* SceneDelegate.swift in Sources */ = {isa = PBXBuildFile; fileRef = BA8DBEE02F94EC22001A5E01 /* SceneDelegate.swift */; };
		BA8DBEE32F94EC22001A5E01 /* ViewController.swift in Sources */ = {isa = PBXBuildFile; fileRef = BA8DBEE22F94EC22001A5E01 /* ViewController.swift */; };
		BA8DBEE62F94EC22001A5E01 /* Main.storyboard in Resources */ = {isa = PBXBuildFile; fileRef = BA8DBEE42F94EC22001A5E01 /* Main.storyboard */; };
		BA8DBEE82F94EC24001A5E01 /* Assets.xcassets in Resources */ = {isa = PBXBuildFile; fileRef = BA8DBEE72F94EC24001A5E01 /* Assets.xcassets */; };
		BA8DBEEB2F94EC24001A5E01 /* LaunchScreen.storyboard in Resources */ = {isa = PBXBuildFile; fileRef = BA8DBEE92F94EC24001A5E01 /* LaunchScreen.storyboard */; };
		BA8DBEF62F94EC24001A5E01 /* lab4_1_SDWebImage_Tests.swift in Sources */ = {isa = PBXBuildFile; fileRef = BA8DBEF52F94EC24001A5E01 /* lab4_1_SDWebImage_Tests.swift */; };
		BA8DBF002F94EC24001A5E01 /* lab4_1_SDWebImage_UITests.swift in Sources */ = {isa = PBXBuildFile; fileRef = BA8DBEFF2F94EC24001A5E01 /* lab4_1_SDWebImage_UITests.swift */; };
		BA8DBF022F94EC24001A5E01 /* lab4_1_SDWebImage_UITestsLaunchTests.swift in Sources */ = {isa = PBXBuildFile; fileRef = BA8DBF012F94EC24001A5E01 /* lab4_1_SDWebImage_UITestsLaunchTests.swift */; };
		BA8DBF112F94EC7A001A5E01 /* SDWebImage in Frameworks */ = {isa = PBXBuildFile; productRef = BA8DBF102F94EC7A001A5E01 /* SDWebImage */; };
		BA8DBF132F94ED9D001A5E01 /* MyCollectionViewController.swift in Sources */ = {isa = PBXBuildFile; fileRef = BA8DBF122F94ED9D001A5E01 /* MyCollectionViewController.swift */; };
		BA8DBF152F94EF0B001A5E01 /* MyCollectionViewCell.swift in Sources */ = {isa = PBXBuildFile; fileRef = BA8DBF142F94EF0B001A5E01 /* MyCollectionViewCell.swift */; };
/* End PBXBuildFile section */

/* Begin PBXContainerItemProxy section */
		BA8DBEF22F94EC24001A5E01 /* PBXContainerItemProxy */ = {
			isa = PBXContainerItemProxy;
			containerPortal = BA8DBED32F94EC22001A5E01 /* Project object */;
			proxyType = 1;
			remoteGlobalIDString = BA8DBEDA2F94EC22001A5E01;
			remoteInfo = "lab4_1(SDWebImage)";
		};
		BA8DBEFC2F94EC24001A5E01 /* PBXContainerItemProxy */ = {
			isa = PBXContainerItemProxy;
			containerPortal = BA8DBED32F94EC22001A5E01 /* Project object */;
			proxyType = 1;
			remoteGlobalIDString = BA8DBEDA2F94EC22001A5E01;
			remoteInfo = "lab4_1(SDWebImage)";
		};
/* End PBXContainerItemProxy section */

/* Begin PBXFileReference section */
		BA8DBEDB2F94EC22001A5E01 /* lab4_1(SDWebImage).app */ = {isa = PBXFileReference; explicitFileType = wrapper.application; includeInIndex = 0; path = "lab4_1(SDWebImage).app"; sourceTree = BUILT_PRODUCTS_DIR; };
		BA8DBEDE2F94EC22001A5E01 /* AppDelegate.swift */ = {isa = PBXFileReference; lastKnownFileType = sourcecode.swift; path = AppDelegate.swift; sourceTree = "<group>"; };
		BA8DBEE02F94EC22001A5E01 /* SceneDelegate.swift */ = {isa = PBXFileReference; lastKnownFileType = sourcecode.swift; path = SceneDelegate.swift; sourceTree = "<group>"; };
		BA8DBEE22F94EC22001A5E01 /* ViewController.swift */ = {isa = PBXFileReference; lastKnownFileType = sourcecode.swift; path = ViewController.swift; sourceTree = "<group>"; };
		BA8DBEE52F94EC22001A5E01 /* Base */ = {isa = PBXFileReference; lastKnownFileType = file.storyboard; name = Base; path = Base.lproj/Main.storyboard; sourceTree = "<group>"; };
		BA8DBEE72F94EC24001A5E01 /* Assets.xcassets */ = {isa = PBXFileReference; lastKnownFileType = folder.assetcatalog; path = Assets.xcassets; sourceTree = "<group>"; };
		BA8DBEEA2F94EC24001A5E01 /* Base */ = {isa = PBXFileReference; lastKnownFileType = file.storyboard; name = Base; path = Base.lproj/LaunchScreen.storyboard; sourceTree = "<group>"; };
		BA8DBEEC2F94EC24001A5E01 /* Info.plist */ = {isa = PBXFileReference; lastKnownFileType = text.plist.xml; path = Info.plist; sourceTree = "<group>"; };
		BA8DBEF12F94EC24001A5E01 /* lab4_1(SDWebImage)Tests.xctest */ = {isa = PBXFileReference; explicitFileType = wrapper.cfbundle; includeInIndex = 0; path = "lab4_1(SDWebImage)Tests.xctest"; sourceTree = BUILT_PRODUCTS_DIR; };
		BA8DBEF52F94EC24001A5E01 /* lab4_1_SDWebImage_Tests.swift */ = {isa = PBXFileReference; lastKnownFileType = sourcecode.swift; path = lab4_1_SDWebImage_Tests.swift; sourceTree = "<group>"; };
		BA8DBEFB2F94EC24001A5E01 /* lab4_1(SDWebImage)UITests.xctest */ = {isa = PBXFileReference; explicitFileType = wrapper.cfbundle; includeInIndex = 0; path = "lab4_1(SDWebImage)UITests.xctest"; sourceTree = BUILT_PRODUCTS_DIR; };
		BA8DBEFF2F94EC24001A5E01 /* lab4_1_SDWebImage_UITests.swift */ = {isa = PBXFileReference; lastKnownFileType = sourcecode.swift; path = lab4_1_SDWebImage_UITests.swift; sourceTree = "<group>"; };
		BA8DBF012F94EC24001A5E01 /* lab4_1_SDWebImage_UITestsLaunchTests.swift */ = {isa = PBXFileReference; lastKnownFileType = sourcecode.swift; path = lab4_1_SDWebImage_UITestsLaunchTests.swift; sourceTree = "<group>"; };
		BA8DBF122F94ED9D001A5E01 /* MyCollectionViewController.swift */ = {isa = PBXFileReference; lastKnownFileType = sourcecode.swift; path = MyCollectionViewController.swift; sourceTree = "<group>"; };
		BA8DBF142F94EF0B001A5E01 /* MyCollectionViewCell.swift */ = {isa = PBXFileReference; lastKnownFileType = sourcecode.swift; path = MyCollectionViewCell.swift; sourceTree = "<group>"; };
/* End PBXFileReference section */

/* Begin PBXFrameworksBuildPhase section */
		BA8DBED82F94EC22001A5E01 /* Frameworks */ = {
			isa = PBXFrameworksBuildPhase;
			buildActionMask = 2147483647;
			files = (
				BA8DBF112F94EC7A001A5E01 /* SDWebImage in Frameworks */,
			);
			runOnlyForDeploymentPostprocessing = 0;
		};
		BA8DBEEE2F94EC24001A5E01 /* Frameworks */ = {
			isa = PBXFrameworksBuildPhase;
			buildActionMask = 2147483647;
			files = (
			);
			runOnlyForDeploymentPostprocessing = 0;
		};
		BA8DBEF82F94EC24001A5E01 /* Frameworks */ = {
			isa = PBXFrameworksBuildPhase;
			buildActionMask = 2147483647;
			files = (
			);
			runOnlyForDeploymentPostprocessing = 0;
		};
/* End PBXFrameworksBuildPhase section */

/* Begin PBXGroup section */
		BA8DBED22F94EC22001A5E01 = {
			isa = PBXGroup;
			children = (
				BA8DBEDD2F94EC22001A5E01 /* lab4_1(SDWebImage) */,
				BA8DBEF42F94EC24001A5E01 /* lab4_1(SDWebImage)Tests */,
				BA8DBEFE2F94EC24001A5E01 /* lab4_1(SDWebImage)UITests */,
				BA8DBEDC2F94EC22001A5E01 /* Products */,
				BA8DBF0F2F94EC7A001A5E01 /* Frameworks */,
			);
			sourceTree = "<group>";
		};
		BA8DBEDC2F94EC22001A5E01 /* Products */ = {
			isa = PBXGroup;
			children = (
				BA8DBEDB2F94EC22001A5E01 /* lab4_1(SDWebImage).app */,
				BA8DBEF12F94EC24001A5E01 /* lab4_1(SDWebImage)Tests.xctest */,
				BA8DBEFB2F94EC24001A5E01 /* lab4_1(SDWebImage)UITests.xctest */,
			);
			name = Products;
			sourceTree = "<group>";
		};
		BA8DBEDD2F94EC22001A5E01 /* lab4_1(SDWebImage) */ = {
			isa = PBXGroup;
			children = (
				BA8DBEDE2F94EC22001A5E01 /* AppDelegate.swift */,
				BA8DBEE02F94EC22001A5E01 /* SceneDelegate.swift */,
				BA8DBEE22F94EC22001A5E01 /* ViewController.swift */,
				BA8DBEE42F94EC22001A5E01 /* Main.storyboard */,
				BA8DBEE72F94EC24001A5E01 /* Assets.xcassets */,
				BA8DBEE92F94EC24001A5E01 /* LaunchScreen.storyboard */,
				BA8DBF122F94ED9D001A5E01 /* MyCollectionViewController.swift */,
				BA8DBEEC2F94EC24001A5E01 /* Info.plist */,
				BA8DBF142F94EF0B001A5E01 /* MyCollectionViewCell.swift */,
			);
			path = "lab4_1(SDWebImage)";
			sourceTree = "<group>";
		};
		BA8DBEF42F94EC24001A5E01 /* lab4_1(SDWebImage)Tests */ = {
			isa = PBXGroup;
			children = (
				BA8DBEF52F94EC24001A5E01 /* lab4_1_SDWebImage_Tests.swift */,
			);
			path = "lab4_1(SDWebImage)Tests";
			sourceTree = "<group>";
		};
		BA8DBEFE2F94EC24001A5E01 /* lab4_1(SDWebImage)UITests */ = {
			isa = PBXGroup;
			children = (
				BA8DBEFF2F94EC24001A5E01 /* lab4_1_SDWebImage_UITests.swift */,
				BA8DBF012F94EC24001A5E01 /* lab4_1_SDWebImage_UITestsLaunchTests.swift */,
			);
			path = "lab4_1(SDWebImage)UITests";
			sourceTree = "<group>";
		};
		BA8DBF0F2F94EC7A001A5E01 /* Frameworks */ = {
			isa = PBXGroup;
			children = (
			);
			name = Frameworks;
			sourceTree = "<group>";
		};
/* End PBXGroup section */

/* Begin PBXNativeTarget section */
		BA8DBEDA2F94EC22001A5E01 /* lab4_1(SDWebImage) */ = {
			isa = PBXNativeTarget;
			buildConfigurationList = BA8DBF052F94EC24001A5E01 /* Build configuration list for PBXNativeTarget "lab4_1(SDWebImage)" */;
			buildPhases = (
				BA8DBED72F94EC22001A5E01 /* Sources */,
				BA8DBED82F94EC22001A5E01 /* Frameworks */,
				BA8DBED92F94EC22001A5E01 /* Resources */,
			);
			buildRules = (
			);
			dependencies = (
			);
			name = "lab4_1(SDWebImage)";
			packageProductDependencies = (
				BA8DBF102F94EC7A001A5E01 /* SDWebImage */,
			);
			productName = "lab4_1(SDWebImage)";
			productReference = BA8DBEDB2F94EC22001A5E01 /* lab4_1(SDWebImage).app */;
			productType = "com.apple.product-type.application";
		};
		BA8DBEF02F94EC24001A5E01 /* lab4_1(SDWebImage)Tests */ = {
			isa = PBXNativeTarget;
			buildConfigurationList = BA8DBF082F94EC24001A5E01 /* Build configuration list for PBXNativeTarget "lab4_1(SDWebImage)Tests" */;
			buildPhases = (
				BA8DBEED2F94EC24001A5E01 /* Sources */,
				BA8DBEEE2F94EC24001A5E01 /* Frameworks */,
				BA8DBEEF2F94EC24001A5E01 /* Resources */,
			);
			buildRules = (
			);
			dependencies = (
				BA8DBEF32F94EC24001A5E01 /* PBXTargetDependency */,
			);
			name = "lab4_1(SDWebImage)Tests";
			productName = "lab4_1(SDWebImage)Tests";
			productReference = BA8DBEF12F94EC24001A5E01 /* lab4_1(SDWebImage)Tests.xctest */;
			productType = "com.apple.product-type.bundle.unit-test";
		};
		BA8DBEFA2F94EC24001A5E01 /* lab4_1(SDWebImage)UITests */ = {
			isa = PBXNativeTarget;
			buildConfigurationList = BA8DBF0B2F94EC24001A5E01 /* Build configuration list for PBXNativeTarget "lab4_1(SDWebImage)UITests" */;
			buildPhases = (
				BA8DBEF72F94EC24001A5E01 /* Sources */,
				BA8DBEF82F94EC24001A5E01 /* Frameworks */,
				BA8DBEF92F94EC24001A5E01 /* Resources */,
			);
			buildRules = (
			);
			dependencies = (
				BA8DBEFD2F94EC24001A5E01 /* PBXTargetDependency */,
			);
			name = "lab4_1(SDWebImage)UITests";
			productName = "lab4_1(SDWebImage)UITests";
			productReference = BA8DBEFB2F94EC24001A5E01 /* lab4_1(SDWebImage)UITests.xctest */;
			productType = "com.apple.product-type.bundle.ui-testing";
		};
/* End PBXNativeTarget section */

/* Begin PBXProject section */
		BA8DBED32F94EC22001A5E01 /* Project object */ = {
			isa = PBXProject;
			attributes = {
				BuildIndependentTargetsInParallel = 1;
				LastSwiftUpdateCheck = 1430;
				LastUpgradeCheck = 1430;
				TargetAttributes = {
					BA8DBEDA2F94EC22001A5E01 = {
						CreatedOnToolsVersion = 14.3;
					};
					BA8DBEF02F94EC24001A5E01 = {
						CreatedOnToolsVersion = 14.3;
						TestTargetID = BA8DBEDA2F94EC22001A5E01;
					};
					BA8DBEFA2F94EC24001A5E01 = {
						CreatedOnToolsVersion = 14.3;
						TestTargetID = BA8DBEDA2F94EC22001A5E01;
					};
				};
			};
			buildConfigurationList = BA8DBED62F94EC22001A5E01 /* Build configuration list for PBXProject "lab4_1(SDWebImage)" */;
			compatibilityVersion = "Xcode 14.0";
			developmentRegion = en;
			hasScannedForEncodings = 0;
			knownRegions = (
				en,
				Base,
			);
			mainGroup = BA8DBED22F94EC22001A5E01;
			packageReferences = (
				BA8DBF0E2F94EC6D001A5E01 /* XCRemoteSwiftPackageReference "SDWebImage" */,
			);
			productRefGroup = BA8DBEDC2F94EC22001A5E01 /* Products */;
			projectDirPath = "";
			projectRoot = "";
			targets = (
				BA8DBEDA2F94EC22001A5E01 /* lab4_1(SDWebImage) */,
				BA8DBEF02F94EC24001A5E01 /* lab4_1(SDWebImage)Tests */,
				BA8DBEFA2F94EC24001A5E01 /* lab4_1(SDWebImage)UITests */,
			);
		};
/* End PBXProject section */

/* Begin PBXResourcesBuildPhase section */
		BA8DBED92F94EC22001A5E01 /* Resources */ = {
			isa = PBXResourcesBuildPhase;
			buildActionMask = 2147483647;
			files = (
				BA8DBEEB2F94EC24001A5E01 /* LaunchScreen.storyboard in Resources */,
				BA8DBEE82F94EC24001A5E01 /* Assets.xcassets in Resources */,
				BA8DBEE62F94EC22001A5E01 /* Main.storyboard in Resources */,
			);
			runOnlyForDeploymentPostprocessing = 0;
		};
		BA8DBEEF2F94EC24001A5E01 /* Resources */ = {
			isa = PBXResourcesBuildPhase;
			buildActionMask = 2147483647;
			files = (
			);
			runOnlyForDeploymentPostprocessing = 0;
		};
		BA8DBEF92F94EC24001A5E01 /* Resources */ = {
			isa = PBXResourcesBuildPhase;
			buildActionMask = 2147483647;
			files = (
			);
			runOnlyForDeploymentPostprocessing = 0;
		};
/* End PBXResourcesBuildPhase section */

/* Begin PBXSourcesBuildPhase section */
		BA8DBED72F94EC22001A5E01 /* Sources */ = {
			isa = PBXSourcesBuildPhase;
			buildActionMask = 2147483647;
			files = (
				BA8DBF132F94ED9D001A5E01 /* MyCollectionViewController.swift in Sources */,
				BA8DBF152F94EF0B001A5E01 /* MyCollectionViewCell.swift in Sources */,
				BA8DBEE32F94EC22001A5E01 /* ViewController.swift in Sources */,
				BA8DBEDF2F94EC22001A5E01 /* AppDelegate.swift in Sources */,
				BA8DBEE12F94EC22001A5E01 /* SceneDelegate.swift in Sources */,
			);
			runOnlyForDeploymentPostprocessing = 0;
		};
		BA8DBEED2F94EC24001A5E01 /* Sources */ = {
			isa = PBXSourcesBuildPhase;
			buildActionMask = 2147483647;
			files = (
				BA8DBEF62F94EC24001A5E01 /* lab4_1_SDWebImage_Tests.swift in Sources */,
			);
			runOnlyForDeploymentPostprocessing = 0;
		};
		BA8DBEF72F94EC24001A5E01 /* Sources */ = {
			isa = PBXSourcesBuildPhase;
			buildActionMask = 2147483647;
			files = (
				BA8DBF002F94EC24001A5E01 /* lab4_1_SDWebImage_UITests.swift in Sources */,
				BA8DBF022F94EC24001A5E01 /* lab4_1_SDWebImage_UITestsLaunchTests.swift in Sources */,
			);
			runOnlyForDeploymentPostprocessing = 0;
		};
/* End PBXSourcesBuildPhase section */

/* Begin PBXTargetDependency section */
		BA8DBEF32F94EC24001A5E01 /* PBXTargetDependency */ = {
			isa = PBXTargetDependency;
			target = BA8DBEDA2F94EC22001A5E01 /* lab4_1(SDWebImage) */;
			targetProxy = BA8DBEF22F94EC24001A5E01 /* PBXContainerItemProxy */;
		};
		BA8DBEFD2F94EC24001A5E01 /* PBXTargetDependency */ = {
			isa = PBXTargetDependency;
			target = BA8DBEDA2F94EC22001A5E01 /* lab4_1(SDWebImage) */;
			targetProxy = BA8DBEFC2F94EC24001A5E01 /* PBXContainerItemProxy */;
		};
/* End PBXTargetDependency section */

/* Begin PBXVariantGroup section */
		BA8DBEE42F94EC22001A5E01 /* Main.storyboard */ = {
			isa = PBXVariantGroup;
			children = (
				BA8DBEE52F94EC22001A5E01 /* Base */,
			);
			name = Main.storyboard;
			sourceTree = "<group>";
		};
		BA8DBEE92F94EC24001A5E01 /* LaunchScreen.storyboard */ = {
			isa = PBXVariantGroup;
			children = (
				BA8DBEEA2F94EC24001A5E01 /* Base */,
			);
			name = LaunchScreen.storyboard;
			sourceTree = "<group>";
		};
/* End PBXVariantGroup section */

/* Begin XCBuildConfiguration section */
		BA8DBF032F94EC24001A5E01 /* Debug */ = {
			isa = XCBuildConfiguration;
			buildSettings = {
				ALWAYS_SEARCH_USER_PATHS = NO;
				CLANG_ANALYZER_NONNULL = YES;
				CLANG_ANALYZER_NUMBER_OBJECT_CONVERSION = YES_AGGRESSIVE;
				CLANG_CXX_LANGUAGE_STANDARD = "gnu++20";
				CLANG_ENABLE_MODULES = YES;
				CLANG_ENABLE_OBJC_ARC = YES;
				CLANG_ENABLE_OBJC_WEAK = YES;
				CLANG_WARN_BLOCK_CAPTURE_AUTORELEASING = YES;
				CLANG_WARN_BOOL_CONVERSION = YES;
				CLANG_WARN_COMMA = YES;
				CLANG_WARN_CONSTANT_CONVERSION = YES;
				CLANG_WARN_DEPRECATED_OBJC_IMPLEMENTATIONS = YES;
				CLANG_WARN_DIRECT_OBJC_ISA_USAGE = YES_ERROR;
				CLANG_WARN_DOCUMENTATION_COMMENTS = YES;
				CLANG_WARN_EMPTY_BODY = YES;
				CLANG_WARN_ENUM_CONVERSION = YES;
				CLANG_WARN_INFINITE_RECURSION = YES;
				CLANG_WARN_INT_CONVERSION = YES;
				CLANG_WARN_NON_LITERAL_NULL_CONVERSION = YES;
				CLANG_WARN_OBJC_IMPLICIT_RETAIN_SELF = YES;
				CLANG_WARN_OBJC_LITERAL_CONVERSION = YES;
				CLANG_WARN_OBJC_ROOT_CLASS = YES_ERROR;
				CLANG_WARN_QUOTED_INCLUDE_IN_FRAMEWORK_HEADER = YES;
				CLANG_WARN_RANGE_LOOP_ANALYSIS = YES;
				CLANG_WARN_STRICT_PROTOTYPES = YES;
				CLANG_WARN_SUSPICIOUS_MOVE = YES;
				CLANG_WARN_UNGUARDED_AVAILABILITY = YES_AGGRESSIVE;
				CLANG_WARN_UNREACHABLE_CODE = YES;
				CLANG_WARN__DUPLICATE_METHOD_MATCH = YES;
				COPY_PHASE_STRIP = NO;
				DEBUG_INFORMATION_FORMAT = dwarf;
				ENABLE_STRICT_OBJC_MSGSEND = YES;
				ENABLE_TESTABILITY = YES;
				GCC_C_LANGUAGE_STANDARD = gnu11;
				GCC_DYNAMIC_NO_PIC = NO;
				GCC_NO_COMMON_BLOCKS = YES;
				GCC_OPTIMIZATION_LEVEL = 0;
				GCC_PREPROCESSOR_DEFINITIONS = (
					"DEBUG=1",
					"$(inherited)",
				);
				GCC_WARN_64_TO_32_BIT_CONVERSION = YES;
				GCC_WARN_ABOUT_RETURN_TYPE = YES_ERROR;
				GCC_WARN_UNDECLARED_SELECTOR = YES;
				GCC_WARN_UNINITIALIZED_AUTOS = YES_AGGRESSIVE;
				GCC_WARN_UNUSED_FUNCTION = YES;
				GCC_WARN_UNUSED_VARIABLE = YES;
				IPHONEOS_DEPLOYMENT_TARGET = 16.4;
				MTL_ENABLE_DEBUG_INFO = INCLUDE_SOURCE;
				MTL_FAST_MATH = YES;
				ONLY_ACTIVE_ARCH = YES;
				SDKROOT = iphoneos;
				SWIFT_ACTIVE_COMPILATION_CONDITIONS = DEBUG;
				SWIFT_OPTIMIZATION_LEVEL = "-Onone";
			};
			name = Debug;
		};
		BA8DBF042F94EC24001A5E01 /* Release */ = {
			isa = XCBuildConfiguration;
			buildSettings = {
				ALWAYS_SEARCH_USER_PATHS = NO;
				CLANG_ANALYZER_NONNULL = YES;
				CLANG_ANALYZER_NUMBER_OBJECT_CONVERSION = YES_AGGRESSIVE;
				CLANG_CXX_LANGUAGE_STANDARD = "gnu++20";
				CLANG_ENABLE_MODULES = YES;
				CLANG_ENABLE_OBJC_ARC = YES;
				CLANG_ENABLE_OBJC_WEAK = YES;
				CLANG_WARN_BLOCK_CAPTURE_AUTORELEASING = YES;
				CLANG_WARN_BOOL_CONVERSION = YES;
				CLANG_WARN_COMMA = YES;
				CLANG_WARN_CONSTANT_CONVERSION = YES;
				CLANG_WARN_DEPRECATED_OBJC_IMPLEMENTATIONS = YES;
				CLANG_WARN_DIRECT_OBJC_ISA_USAGE = YES_ERROR;
				CLANG_WARN_DOCUMENTATION_COMMENTS = YES;
				CLANG_WARN_EMPTY_BODY = YES;
				CLANG_WARN_ENUM_CONVERSION = YES;
				CLANG_WARN_INFINITE_RECURSION = YES;
				CLANG_WARN_INT_CONVERSION = YES;
				CLANG_WARN_NON_LITERAL_NULL_CONVERSION = YES;
				CLANG_WARN_OBJC_IMPLICIT_RETAIN_SELF = YES;
				CLANG_WARN_OBJC_LITERAL_CONVERSION = YES;
				CLANG_WARN_OBJC_ROOT_CLASS = YES_ERROR;
				CLANG_WARN_QUOTED_INCLUDE_IN_FRAMEWORK_HEADER = YES;
				CLANG_WARN_RANGE_LOOP_ANALYSIS = YES;
				CLANG_WARN_STRICT_PROTOTYPES = YES;
				CLANG_WARN_SUSPICIOUS_MOVE = YES;
				CLANG_WARN_UNGUARDED_AVAILABILITY = YES_AGGRESSIVE;
				CLANG_WARN_UNREACHABLE_CODE = YES;
				CLANG_WARN__DUPLICATE_METHOD_MATCH = YES;
				COPY_PHASE_STRIP = NO;
				DEBUG_INFORMATION_FORMAT = "dwarf-with-dsym";
				ENABLE_NS_ASSERTIONS = NO;
				ENABLE_STRICT_OBJC_MSGSEND = YES;
				GCC_C_LANGUAGE_STANDARD = gnu11;
				GCC_NO_COMMON_BLOCKS = YES;
				GCC_WARN_64_TO_32_BIT_CONVERSION = YES;
				GCC_WARN_ABOUT_RETURN_TYPE = YES_ERROR;
				GCC_WARN_UNDECLARED_SELECTOR = YES;
				GCC_WARN_UNINITIALIZED_AUTOS = YES_AGGRESSIVE;
				GCC_WARN_UNUSED_FUNCTION = YES;
				GCC_WARN_UNUSED_VARIABLE = YES;
				IPHONEOS_DEPLOYMENT_TARGET = 16.4;
				MTL_ENABLE_DEBUG_INFO = NO;
				MTL_FAST_MATH = YES;
				SDKROOT = iphoneos;
				SWIFT_COMPILATION_MODE = wholemodule;
				SWIFT_OPTIMIZATION_LEVEL = "-O";
				VALIDATE_PRODUCT = YES;
			};
			name = Release;
		};
		BA8DBF062F94EC24001A5E01 /* Debug */ = {
			isa = XCBuildConfiguration;
			buildSettings = {
				ASSETCATALOG_COMPILER_APPICON_NAME = AppIcon;
				ASSETCATALOG_COMPILER_GLOBAL_ACCENT_COLOR_NAME = AccentColor;
				CODE_SIGN_STYLE = Automatic;
				CURRENT_PROJECT_VERSION = 1;
				GENERATE_INFOPLIST_FILE = YES;
				INFOPLIST_FILE = "lab4_1(SDWebImage)/Info.plist";
				INFOPLIST_KEY_UIApplicationSupportsIndirectInputEvents = YES;
				INFOPLIST_KEY_UILaunchStoryboardName = LaunchScreen;
				INFOPLIST_KEY_UIMainStoryboardFile = Main;
				INFOPLIST_KEY_UISupportedInterfaceOrientations_iPad = "UIInterfaceOrientationPortrait UIInterfaceOrientationPortraitUpsideDown UIInterfaceOrientationLandscapeLeft UIInterfaceOrientationLandscapeRight";
				INFOPLIST_KEY_UISupportedInterfaceOrientations_iPhone = "UIInterfaceOrientationPortrait UIInterfaceOrientationLandscapeLeft UIInterfaceOrientationLandscapeRight";
				LD_RUNPATH_SEARCH_PATHS = (
					"$(inherited)",
					"@executable_path/Frameworks",
				);
				MARKETING_VERSION = 1.0;
				PRODUCT_BUNDLE_IDENTIFIER = "esraa.lab4-1-SDWebImage-";
				PRODUCT_NAME = "$(TARGET_NAME)";
				SWIFT_EMIT_LOC_STRINGS = YES;
				SWIFT_VERSION = 5.0;
				TARGETED_DEVICE_FAMILY = "1,2";
			};
			name = Debug;
		};
		BA8DBF072F94EC24001A5E01 /* Release */ = {
			isa = XCBuildConfiguration;
			buildSettings = {
				ASSETCATALOG_COMPILER_APPICON_NAME = AppIcon;
				ASSETCATALOG_COMPILER_GLOBAL_ACCENT_COLOR_NAME = AccentColor;
				CODE_SIGN_STYLE = Automatic;
				CURRENT_PROJECT_VERSION = 1;
				GENERATE_INFOPLIST_FILE = YES;
				INFOPLIST_FILE = "lab4_1(SDWebImage)/Info.plist";
				INFOPLIST_KEY_UIApplicationSupportsIndirectInputEvents = YES;
				INFOPLIST_KEY_UILaunchStoryboardName = LaunchScreen;
				INFOPLIST_KEY_UIMainStoryboardFile = Main;
				INFOPLIST_KEY_UISupportedInterfaceOrientations_iPad = "UIInterfaceOrientationPortrait UIInterfaceOrientationPortraitUpsideDown UIInterfaceOrientationLandscapeLeft UIInterfaceOrientationLandscapeRight";
				INFOPLIST_KEY_UISupportedInterfaceOrientations_iPhone = "UIInterfaceOrientationPortrait UIInterfaceOrientationLandscapeLeft UIInterfaceOrientationLandscapeRight";
				LD_RUNPATH_SEARCH_PATHS = (
					"$(inherited)",
					"@executable_path/Frameworks",
				);
				MARKETING_VERSION = 1.0;
				PRODUCT_BUNDLE_IDENTIFIER = "esraa.lab4-1-SDWebImage-";
				PRODUCT_NAME = "$(TARGET_NAME)";
				SWIFT_EMIT_LOC_STRINGS = YES;
				SWIFT_VERSION = 5.0;
				TARGETED_DEVICE_FAMILY = "1,2";
			};
			name = Release;
		};
		BA8DBF092F94EC24001A5E01 /* Debug */ = {
			isa = XCBuildConfiguration;
			buildSettings = {
				ALWAYS_EMBED_SWIFT_STANDARD_LIBRARIES = YES;
				BUNDLE_LOADER = "$(TEST_HOST)";
				CODE_SIGN_STYLE = Automatic;
				CURRENT_PROJECT_VERSION = 1;
				GENERATE_INFOPLIST_FILE = YES;
				IPHONEOS_DEPLOYMENT_TARGET = 16.4;
				MARKETING_VERSION = 1.0;
				PRODUCT_BUNDLE_IDENTIFIER = "esraa.lab4-1-SDWebImage-Tests";
				PRODUCT_NAME = "$(TARGET_NAME)";
				SWIFT_EMIT_LOC_STRINGS = NO;
				SWIFT_VERSION = 5.0;
				TARGETED_DEVICE_FAMILY = "1,2";
				TEST_HOST = "$(BUILT_PRODUCTS_DIR)/lab4_1(SDWebImage).app/$(BUNDLE_EXECUTABLE_FOLDER_PATH)/lab4_1(SDWebImage)";
			};
			name = Debug;
		};
		BA8DBF0A2F94EC24001A5E01 /* Release */ = {
			isa = XCBuildConfiguration;
			buildSettings = {
				ALWAYS_EMBED_SWIFT_STANDARD_LIBRARIES = YES;
				BUNDLE_LOADER = "$(TEST_HOST)";
				CODE_SIGN_STYLE = Automatic;
				CURRENT_PROJECT_VERSION = 1;
				GENERATE_INFOPLIST_FILE = YES;
				IPHONEOS_DEPLOYMENT_TARGET = 16.4;
				MARKETING_VERSION = 1.0;
				PRODUCT_BUNDLE_IDENTIFIER = "esraa.lab4-1-SDWebImage-Tests";
				PRODUCT_NAME = "$(TARGET_NAME)";
				SWIFT_EMIT_LOC_STRINGS = NO;
				SWIFT_VERSION = 5.0;
				TARGETED_DEVICE_FAMILY = "1,2";
				TEST_HOST = "$(BUILT_PRODUCTS_DIR)/lab4_1(SDWebImage).app/$(BUNDLE_EXECUTABLE_FOLDER_PATH)/lab4_1(SDWebImage)";
			};
			name = Release;
		};
		BA8DBF0C2F94EC24001A5E01 /* Debug */ = {
			isa = XCBuildConfiguration;
			buildSettings = {
				ALWAYS_EMBED_SWIFT_STANDARD_LIBRARIES = YES;
				CODE_SIGN_STYLE = Automatic;
				CURRENT_PROJECT_VERSION = 1;
				GENERATE_INFOPLIST_FILE = YES;
				MARKETING_VERSION = 1.0;
				PRODUCT_BUNDLE_IDENTIFIER = "esraa.lab4-1-SDWebImage-UITests";
				PRODUCT_NAME = "$(TARGET_NAME)";
				SWIFT_EMIT_LOC_STRINGS = NO;
				SWIFT_VERSION = 5.0;
				TARGETED_DEVICE_FAMILY = "1,2";
				TEST_TARGET_NAME = "lab4_1(SDWebImage)";
			};
			name = Debug;
		};
		BA8DBF0D2F94EC24001A5E01 /* Release */ = {
			isa = XCBuildConfiguration;
			buildSettings = {
				ALWAYS_EMBED_SWIFT_STANDARD_LIBRARIES = YES;
				CODE_SIGN_STYLE = Automatic;
				CURRENT_PROJECT_VERSION = 1;
				GENERATE_INFOPLIST_FILE = YES;
				MARKETING_VERSION = 1.0;
				PRODUCT_BUNDLE_IDENTIFIER = "esraa.lab4-1-SDWebImage-UITests";
				PRODUCT_NAME = "$(TARGET_NAME)";
				SWIFT_EMIT_LOC_STRINGS = NO;
				SWIFT_VERSION = 5.0;
				TARGETED_DEVICE_FAMILY = "1,2";
				TEST_TARGET_NAME = "lab4_1(SDWebImage)";
			};
			name = Release;
		};
/* End XCBuildConfiguration section */

/* Begin XCConfigurationList section */
		BA8DBED62F94EC22001A5E01 /* Build configuration list for PBXProject "lab4_1(SDWebImage)" */ = {
			isa = XCConfigurationList;
			buildConfigurations = (
				BA8DBF032F94EC24001A5E01 /* Debug */,
				BA8DBF042F94EC24001A5E01 /* Release */,
			);
			defaultConfigurationIsVisible = 0;
			defaultConfigurationName = Release;
		};
		BA8DBF052F94EC24001A5E01 /* Build configuration list for PBXNativeTarget "lab4_1(SDWebImage)" */ = {
			isa = XCConfigurationList;
			buildConfigurations = (
				BA8DBF062F94EC24001A5E01 /* Debug */,
				BA8DBF072F94EC24001A5E01 /* Release */,
			);
			defaultConfigurationIsVisible = 0;
			defaultConfigurationName = Release;
		};
		BA8DBF082F94EC24001A5E01 /* Build configuration list for PBXNativeTarget "lab4_1(SDWebImage)Tests" */ = {
			isa = XCConfigurationList;
			buildConfigurations = (
				BA8DBF092F94EC24001A5E01 /* Debug */,
				BA8DBF0A2F94EC24001A5E01 /* Release */,
			);
			defaultConfigurationIsVisible = 0;
			defaultConfigurationName = Release;
		};
		BA8DBF0B2F94EC24001A5E01 /* Build configuration list for PBXNativeTarget "lab4_1(SDWebImage)UITests" */ = {
			isa = XCConfigurationList;
			buildConfigurations = (
				BA8DBF0C2F94EC24001A5E01 /* Debug */,
				BA8DBF0D2F94EC24001A5E01 /* Release */,
			);
			defaultConfigurationIsVisible = 0;
			defaultConfigurationName = Release;
		};
/* End XCConfigurationList section */

/* Begin XCRemoteSwiftPackageReference section */
		BA8DBF0E2F94EC6D001A5E01 /* XCRemoteSwiftPackageReference "SDWebImage" */ = {
			isa = XCRemoteSwiftPackageReference;
			repositoryURL = "https://github.com/SDWebImage/SDWebImage.git";
			requirement = {
				kind = exactVersion;
				version = 5.13.0;
			};
		};
/* End XCRemoteSwiftPackageReference section */

/* Begin XCSwiftPackageProductDependency section */
		BA8DBF102F94EC7A001A5E01 /* SDWebImage */ = {
			isa = XCSwiftPackageProductDependency;
			package = BA8DBF0E2F94EC6D001A5E01 /* XCRemoteSwiftPackageReference "SDWebImage" */;
			productName = SDWebImage;
		};
/* End XCSwiftPackageProductDependency section */
	};
	rootObject = BA8DBED32F94EC22001A5E01 /* Project object */;
}
